// !$*UTF8*$!
{
	archiveVersion = 1;
	classes = {
	};
	objectVersion = 46;
	objects = {

/* Begin PBXBuildFile section */
		D12E20FA1ADBE6730015D980 /* flip1.wav in Resources */ = {isa = PBXBuildFile; fileRef = D12E20F71ADBE6730015D980 /* flip1.wav */; };
		D12E20FB1ADBE6730015D980 /* goodLuck2.wav in Resources */ = {isa = PBXBuildFile; fileRef = D12E20F81ADBE6730015D980 /* goodLuck2.wav */; };
		D12E20FC1ADBE6730015D980 /* hardLuck.wav in Resources */ = {isa = PBXBuildFile; fileRef = D12E20F91ADBE6730015D980 /* hardLuck.wav */; };
		D19250091ACB5D7000392035 /* GameScreenViewController.m in Sources */ = {isa = PBXBuildFile; fileRef = D19250081ACB5D7000392035 /* GameScreenViewController.m */; };
		D194EC561AD404C400DAE40A /* MSocialShareUtility.m in Sources */ = {isa = PBXBuildFile; fileRef = D194EC551AD404C400DAE40A /* MSocialShareUtility.m */; };
		D194EC5D1AD40ACB00DAE40A /* andl.jpg in Resources */ = {isa = PBXBuildFile; fileRef = D194EC571AD40ACB00DAE40A /* andl.jpg */; };
		D194EC5E1AD40ACB00DAE40A /* boo.jpg in Resources */ = {isa = PBXBuildFile; fileRef = D194EC581AD40ACB00DAE40A /* boo.jpg */; };
		D194EC5F1AD40ACB00DAE40A /* mared.png in Resources */ = {isa = PBXBuildFile; fileRef = D194EC591AD40ACB00DAE40A /* mared.png */; };
		D194EC611AD40ACB00DAE40A /* roz.jpg in Resources */ = {isa = PBXBuildFile; fileRef = D194EC5B1AD40ACB00DAE40A /* roz.jpg */; };
		D194EC621AD40ACB00DAE40A /* sali.jpg in Resources */ = {isa = PBXBuildFile; fileRef = D194EC5C1AD40ACB00DAE40A /* sali.jpg */; };
		D1961A051AD1DDC1007D2FDB /* sound1.wav in Resources */ = {isa = PBXBuildFile; fileRef = D1961A011AD1DDC1007D2FDB /* sound1.wav */; };
		D1961A061AD1DDC1007D2FDB /* sound2.wav in Resources */ = {isa = PBXBuildFile; fileRef = D1961A021AD1DDC1007D2FDB /* sound2.wav */; };
		D1961A071AD1DDC1007D2FDB /* sound3.wav in Resources */ = {isa = PBXBuildFile; fileRef = D1961A031AD1DDC1007D2FDB /* sound3.wav */; };
		D1961A081AD1DDC1007D2FDB /* flip.wav in Resources */ = {isa = PBXBuildFile; fileRef = D1961A041AD1DDC1007D2FDB /* flip.wav */; };
		D1961A0B1AD1E03A007D2FDB /* AudioToolbox.framework in Frameworks */ = {isa = PBXBuildFile; fileRef = D1961A0A1AD1E03A007D2FDB /* AudioToolbox.framework */; };
		D1964AC61AD594A00094DF5A /* ballonPopping.wav in Resources */ = {isa = PBXBuildFile; fileRef = D1964AC11AD594A00094DF5A /* ballonPopping.wav */; };
		D1964AC71AD594A00094DF5A /* soundflip.wav in Resources */ = {isa = PBXBuildFile; fileRef = D1964AC21AD594A00094DF5A /* soundflip.wav */; };
		D1964AC91AD594A00094DF5A /* shotGun.wav in Resources */ = {isa = PBXBuildFile; fileRef = D1964AC41AD594A00094DF5A /* shotGun.wav */; };
		D1964ACA1AD594A00094DF5A /* victory.wav in Resources */ = {isa = PBXBuildFile; fileRef = D1964AC51AD594A00094DF5A /* victory.wav */; };
		D19683821AD56AA8006A8D3D /* question.png in Resources */ = {isa = PBXBuildFile; fileRef = D19683811AD56AA8006A8D3D /* question.png */; };
		D19841531ADC690900F5C915 /* sync.png in Resources */ = {isa = PBXBuildFile; fileRef = D19841521ADC690900F5C915 /* sync.png */; };
		D19841551ADC6C5800F5C915 /* sync-06.png in Resources */ = {isa = PBXBuildFile; fileRef = D19841541ADC6C5800F5C915 /* sync-06.png */; };
		D19A90401AD7EC9B001445BF /* user.png in Resources */ = {isa = PBXBuildFile; fileRef = D19A903F1AD7EC9B001445BF /* user.png */; };
		D19A90CB1AD7F455001445BF /* back.png in Resources */ = {isa = PBXBuildFile; fileRef = D19A90CA1AD7F455001445BF /* back.png */; };
		D19A90CD1AD80970001445BF /* exitRed.png in Resources */ = {isa = PBXBuildFile; fileRef = D19A90CC1AD80970001445BF /* exitRed.png */; };
		D19A90CF1AD809D3001445BF /* exit.png in Resources */ = {isa = PBXBuildFile; fileRef = D19A90CE1AD809D3001445BF /* exit.png */; };
		D19A90D21AD81183001445BF /* WinnersViewController.m in Sources */ = {isa = PBXBuildFile; fileRef = D19A90D11AD81183001445BF /* WinnersViewController.m */; };
		D19A90D41AD8283F001445BF /* home.png in Resources */ = {isa = PBXBuildFile; fileRef = D19A90D31AD8283F001445BF /* home.png */; };
		D19A90D71AD8284B001445BF /* soundOff.png in Resources */ = {isa = PBXBuildFile; fileRef = D19A90D51AD8284B001445BF /* soundOff.png */; };
		D19A90D81AD8284B001445BF /* soundOn.png in Resources */ = {isa = PBXBuildFile; fileRef = D19A90D61AD8284B001445BF /* soundOn.png */; };
		D19AA4E81AD1E89B008E67EE /* bg_app.png in Resources */ = {isa = PBXBuildFile; fileRef = D19AA4DE1AD1E89B008E67EE /* bg_app.png */; };
		D19AA4E91AD1E89B008E67EE /* btn_facebook_share.png in Resources */ = {isa = PBXBuildFile; fileRef = D19AA4DF1AD1E89B008E67EE /* btn_facebook_share.png */; };
		D19AA4EA1AD1E89B008E67EE /* btn_facebook.png in Resources */ = {isa = PBXBuildFile; fileRef = D19AA4E01AD1E89B008E67EE /* btn_facebook.png */; };
		D19AA4EB1AD1E89B008E67EE /* btn_leaderboard.png in Resources */ = {isa = PBXBuildFile; fileRef = D19AA4E11AD1E89B008E67EE /* btn_leaderboard.png */; };
		D19AA4EC1AD1E89B008E67EE /* btn_play.png in Resources */ = {isa = PBXBuildFile; fileRef = D19AA4E21AD1E89B008E67EE /* btn_play.png */; };
		D19AA4ED1AD1E89B008E67EE /* btn_settings.png in Resources */ = {isa = PBXBuildFile; fileRef = D19AA4E31AD1E89B008E67EE /* btn_settings.png */; };
		D19AA4EE1AD1E89B008E67EE /* btn_signin.png in Resources */ = {isa = PBXBuildFile; fileRef = D19AA4E41AD1E89B008E67EE /* btn_signin.png */; };
		D19AA4EF1AD1E89B008E67EE /* btn_signup.png in Resources */ = {isa = PBXBuildFile; fileRef = D19AA4E51AD1E89B008E67EE /* btn_signup.png */; };
		D19AA4F01AD1E89B008E67EE /* cell_orange.png in Resources */ = {isa = PBXBuildFile; fileRef = D19AA4E61AD1E89B008E67EE /* cell_orange.png */; };
		D19AA4F11AD1E89B008E67EE /* txtf_default.png in Resources */ = {isa = PBXBuildFile; fileRef = D19AA4E71AD1E89B008E67EE /* txtf_default.png */; };
		D19AA4F41AD1EBE4008E67EE /* img1.png in Resources */ = {isa = PBXBuildFile; fileRef = D19AA4F21AD1EBE4008E67EE /* img1.png */; };
		D19AA4F51AD1EBE4008E67EE /* img2.png in Resources */ = {isa = PBXBuildFile; fileRef = D19AA4F31AD1EBE4008E67EE /* img2.png */; };
		D19AA4F81AD1F57A008E67EE /* btn_register.png in Resources */ = {isa = PBXBuildFile; fileRef = D19AA4F61AD1F57A008E67EE /* btn_register.png */; };
		D19AA4F91AD1F57A008E67EE /* btn_save.png in Resources */ = {isa = PBXBuildFile; fileRef = D19AA4F71AD1F57A008E67EE /* btn_save.png */; };
		D19B8D841ADA792900A17D6D /* MHttpConnection.m in Sources */ = {isa = PBXBuildFile; fileRef = D19B8D831ADA792900A17D6D /* MHttpConnection.m */; };
		D19EAECD1AD8F51C00365B9E /* splash-1.png in Resources */ = {isa = PBXBuildFile; fileRef = D19EAEA91AD8F51C00365B9E /* splash-1.png */; };
		D19EAECE1AD8F51C00365B9E /* splash-2.png in Resources */ = {isa = PBXBuildFile; fileRef = D19EAEAA1AD8F51C00365B9E /* splash-2.png */; };
		D19EAECF1AD8F51C00365B9E /* splash-3.png in Resources */ = {isa = PBXBuildFile; fileRef = D19EAEAB1AD8F51C00365B9E /* splash-3.png */; };
		D19EAED01AD8F51C00365B9E /* splash-4.png in Resources */ = {isa = PBXBuildFile; fileRef = D19EAEAC1AD8F51C00365B9E /* splash-4.png */; };
		D19EAED11AD8F51C00365B9E /* splash-5.png in Resources */ = {isa = PBXBuildFile; fileRef = D19EAEAD1AD8F51C00365B9E /* splash-5.png */; };
		D19EAED21AD8F51C00365B9E /* splash-6.png in Resources */ = {isa = PBXBuildFile; fileRef = D19EAEAE1AD8F51C00365B9E /* splash-6.png */; };
		D19EAED31AD8F51C00365B9E /* splash-7.png in Resources */ = {isa = PBXBuildFile; fileRef = D19EAEAF1AD8F51C00365B9E /* splash-7.png */; };
		D19EAED41AD8F51C00365B9E /* splash-8.png in Resources */ = {isa = PBXBuildFile; fileRef = D19EAEB01AD8F51C00365B9E /* splash-8.png */; };
		D19EAED51AD8F51C00365B9E /* splash-9.png in Resources */ = {isa = PBXBuildFile; fileRef = D19EAEB11AD8F51C00365B9E /* splash-9.png */; };
		D19EAED61AD8F51C00365B9E /* splash-10.png in Resources */ = {isa = PBXBuildFile; fileRef = D19EAEB21AD8F51C00365B9E /* splash-10.png */; };
		D19EAED71AD8F51C00365B9E /* splash-11.png in Resources */ = {isa = PBXBuildFile; fileRef = D19EAEB31AD8F51C00365B9E /* splash-11.png */; };
		D19EAED81AD8F51C00365B9E /* splash-12.png in Resources */ = {isa = PBXBuildFile; fileRef = D19EAEB41AD8F51C00365B9E /* splash-12.png */; };
		D19EAED91AD8F51C00365B9E /* splash-13.png in Resources */ = {isa = PBXBuildFile; fileRef = D19EAEB51AD8F51C00365B9E /* splash-13.png */; };
		D19EAEDA1AD8F51C00365B9E /* splash-14.png in Resources */ = {isa = PBXBuildFile; fileRef = D19EAEB61AD8F51C00365B9E /* splash-14.png */; };
		D19EAEDB1AD8F51C00365B9E /* splash-15.png in Resources */ = {isa = PBXBuildFile; fileRef = D19EAEB71AD8F51C00365B9E /* splash-15.png */; };
		D19EAEDC1AD8F51C00365B9E /* splash-16.png in Resources */ = {isa = PBXBuildFile; fileRef = D19EAEB81AD8F51C00365B9E /* splash-16.png */; };
		D19EAEDD1AD8F51C00365B9E /* splash-17.png in Resources */ = {isa = PBXBuildFile; fileRef = D19EAEB91AD8F51C00365B9E /* splash-17.png */; };
		D19EAEDE1AD8F51C00365B9E /* splash-18.png in Resources */ = {isa = PBXBuildFile; fileRef = D19EAEBA1AD8F51C00365B9E /* splash-18.png */; };
		D19EAEDF1AD8F51C00365B9E /* splash-19.png in Resources */ = {isa = PBXBuildFile; fileRef = D19EAEBB1AD8F51C00365B9E /* splash-19.png */; };
		D19EAEE01AD8F51C00365B9E /* splash-20.png in Resources */ = {isa = PBXBuildFile; fileRef = D19EAEBC1AD8F51C00365B9E /* splash-20.png */; };
		D19EAEE11AD8F51C00365B9E /* splash-21.png in Resources */ = {isa = PBXBuildFile; fileRef = D19EAEBD1AD8F51C00365B9E /* splash-21.png */; };
		D19EAEE21AD8F51C00365B9E /* splash-22.png in Resources */ = {isa = PBXBuildFile; fileRef = D19EAEBE1AD8F51C00365B9E /* splash-22.png */; };
		D19EAEE31AD8F51C00365B9E /* splash-23.png in Resources */ = {isa = PBXBuildFile; fileRef = D19EAEBF1AD8F51C00365B9E /* splash-23.png */; };
		D19EAEE41AD8F51C00365B9E /* splash-24.png in Resources */ = {isa = PBXBuildFile; fileRef = D19EAEC01AD8F51C00365B9E /* splash-24.png */; };
		D19EAEE51AD8F51C00365B9E /* splash-25.png in Resources */ = {isa = PBXBuildFile; fileRef = D19EAEC11AD8F51C00365B9E /* splash-25.png */; };
		D19EAEE61AD8F51C00365B9E /* splash-26.png in Resources */ = {isa = PBXBuildFile; fileRef = D19EAEC21AD8F51C00365B9E /* splash-26.png */; };
		D19EAEE71AD8F51C00365B9E /* splash-27.png in Resources */ = {isa = PBXBuildFile; fileRef = D19EAEC31AD8F51C00365B9E /* splash-27.png */; };
		D19EAEE81AD8F51C00365B9E /* splash-28.png in Resources */ = {isa = PBXBuildFile; fileRef = D19EAEC41AD8F51C00365B9E /* splash-28.png */; };
		D19EAEE91AD8F51C00365B9E /* splash-29.png in Resources */ = {isa = PBXBuildFile; fileRef = D19EAEC51AD8F51C00365B9E /* splash-29.png */; };
		D19EAEEA1AD8F51C00365B9E /* splash-30.png in Resources */ = {isa = PBXBuildFile; fileRef = D19EAEC61AD8F51C00365B9E /* splash-30.png */; };
		D19EAEEB1AD8F51C00365B9E /* splash-31.png in Resources */ = {isa = PBXBuildFile; fileRef = D19EAEC71AD8F51C00365B9E /* splash-31.png */; };
		D19EAEEC1AD8F51C00365B9E /* splash-32.png in Resources */ = {isa = PBXBuildFile; fileRef = D19EAEC81AD8F51C00365B9E /* splash-32.png */; };
		D19EAEED1AD8F51C00365B9E /* splash-33.png in Resources */ = {isa = PBXBuildFile; fileRef = D19EAEC91AD8F51C00365B9E /* splash-33.png */; };
		D19EAEEE1AD8F51C00365B9E /* splash-34.png in Resources */ = {isa = PBXBuildFile; fileRef = D19EAECA1AD8F51C00365B9E /* splash-34.png */; };
		D19EAEEF1AD8F51C00365B9E /* splash-35.png in Resources */ = {isa = PBXBuildFile; fileRef = D19EAECB1AD8F51C00365B9E /* splash-35.png */; };
		D19EAEF01AD8F51C00365B9E /* splash-36.png in Resources */ = {isa = PBXBuildFile; fileRef = D19EAECC1AD8F51C00365B9E /* splash-36.png */; };
		D1A008981ADC7902001D0B07 /* hole.png in Resources */ = {isa = PBXBuildFile; fileRef = D1A008961ADC7902001D0B07 /* hole.png */; };
		D1A008991ADC7902001D0B07 /* logo.png in Resources */ = {isa = PBXBuildFile; fileRef = D1A008971ADC7902001D0B07 /* logo.png */; };
		D1A0089C1ADC7D53001D0B07 /* green_ball.png in Resources */ = {isa = PBXBuildFile; fileRef = D1A0089A1ADC7D53001D0B07 /* green_ball.png */; };
		D1A0089D1ADC7D53001D0B07 /* monster.png in Resources */ = {isa = PBXBuildFile; fileRef = D1A0089B1ADC7D53001D0B07 /* monster.png */; };
		D1A008A01ADC8F5D001D0B07 /* headFall.wav in Resources */ = {isa = PBXBuildFile; fileRef = D1A0089E1ADC8F5D001D0B07 /* headFall.wav */; };
		D1A008A11ADC8F5D001D0B07 /* jumb.wav in Resources */ = {isa = PBXBuildFile; fileRef = D1A0089F1ADC8F5D001D0B07 /* jumb.wav */; };
		D1A008A31ADC91A5001D0B07 /* appear.wav in Resources */ = {isa = PBXBuildFile; fileRef = D1A008A21ADC91A5001D0B07 /* appear.wav */; };
		D1A008A51ADC9612001D0B07 /* toShare.png in Resources */ = {isa = PBXBuildFile; fileRef = D1A008A41ADC9612001D0B07 /* toShare.png */; };
		D1A008AD1ADC9F19001D0B07 /* btn_signout.png in Resources */ = {isa = PBXBuildFile; fileRef = D1A008A91ADC9F19001D0B07 /* btn_signout.png */; };
		D1A008B11ADCA5B2001D0B07 /* app_logo58.png in Resources */ = {isa = PBXBuildFile; fileRef = D1A008AE1ADCA5B2001D0B07 /* app_logo58.png */; };
		D1A008B21ADCA5B2001D0B07 /* app_logo80.png in Resources */ = {isa = PBXBuildFile; fileRef = D1A008AF1ADCA5B2001D0B07 /* app_logo80.png */; };
		D1A008B31ADCA5B2001D0B07 /* app_logo120.png in Resources */ = {isa = PBXBuildFile; fileRef = D1A008B01ADCA5B2001D0B07 /* app_logo120.png */; };
		D1A11FA81AD5EB6F00D67DEF /* celebrate.png in Resources */ = {isa = PBXBuildFile; fileRef = D1A11FA71AD5EB6F00D67DEF /* celebrate.png */; };
		D1A2792F1AD698F20081E716 /* img1.png in Resources */ = {isa = PBXBuildFile; fileRef = D1A2792D1AD698F20081E716 /* img1.png */; };
		D1A279301AD698F20081E716 /* img2.png in Resources */ = {isa = PBXBuildFile; fileRef = D1A2792E1AD698F20081E716 /* img2.png */; };
		D1A411501ADD505600EFA973 /* monster2.jpg in Resources */ = {isa = PBXBuildFile; fileRef = D1A4114D1ADD505600EFA973 /* monster2.jpg */; };
		D1A411511ADD505600EFA973 /* shalabi.jpg in Resources */ = {isa = PBXBuildFile; fileRef = D1A4114E1ADD505600EFA973 /* shalabi.jpg */; };
		D1A411651ADD539300EFA973 /* ankbot.jpg in Resources */ = {isa = PBXBuildFile; fileRef = D1A411641ADD539300EFA973 /* ankbot.jpg */; };
		D1A411671ADD571D00EFA973 /* highscore.jpg in Resources */ = {isa = PBXBuildFile; fileRef = D1A411661ADD571D00EFA973 /* highscore.jpg */; };
		D1A4E43E1AC871C50016389F /* MSplashScreenViewController.m in Sources */ = {isa = PBXBuildFile; fileRef = D1A4E43D1AC871C50016389F /* MSplashScreenViewController.m */; };
		D1A882A91AC960C3009C435D /* MLoginViewController.m in Sources */ = {isa = PBXBuildFile; fileRef = D1A882A81AC960C3009C435D /* MLoginViewController.m */; };
		D1A882AC1AC963FE009C435D /* MRegisterViewController.m in Sources */ = {isa = PBXBuildFile; fileRef = D1A882AB1AC963FE009C435D /* MRegisterViewController.m */; };
		D1A882AF1AC98AB6009C435D /* MHomeViewController.m in Sources */ = {isa = PBXBuildFile; fileRef = D1A882AE1AC98AB6009C435D /* MHomeViewController.m */; };
		D1A882B21AC993D5009C435D /* MGameScreenViewController.m in Sources */ = {isa = PBXBuildFile; fileRef = D1A882B11AC993D5009C435D /* MGameScreenViewController.m */; };
		D1A882B51AC9B4E0009C435D /* MProfileViewController.m in Sources */ = {isa = PBXBuildFile; fileRef = D1A882B41AC9B4E0009C435D /* MProfileViewController.m */; };
		D1A882B81AC9B6CC009C435D /* MLeaderBoardViewController.m in Sources */ = {isa = PBXBuildFile; fileRef = D1A882B71AC9B6CC009C435D /* MLeaderBoardViewController.m */; };
		D1AAF88D1AC719CD00E42A2D /* Foundation.framework in Frameworks */ = {isa = PBXBuildFile; fileRef = D1AAF88C1AC719CD00E42A2D /* Foundation.framework */; };
		D1AAF88F1AC719CD00E42A2D /* CoreGraphics.framework in Frameworks */ = {isa = PBXBuildFile; fileRef = D1AAF88E1AC719CD00E42A2D /* CoreGraphics.framework */; };
		D1AAF8911AC719CD00E42A2D /* UIKit.framework in Frameworks */ = {isa = PBXBuildFile; fileRef = D1AAF8901AC719CD00E42A2D /* UIKit.framework */; };
		D1AAF8971AC719CD00E42A2D /* InfoPlist.strings in Resources */ = {isa = PBXBuildFile; fileRef = D1AAF8951AC719CD00E42A2D /* InfoPlist.strings */; };
		D1AAF8991AC719CD00E42A2D /* main.m in Sources */ = {isa = PBXBuildFile; fileRef = D1AAF8981AC719CD00E42A2D /* main.m */; };
		D1AAF89D1AC719CD00E42A2D /* MAppDelegate.m in Sources */ = {isa = PBXBuildFile; fileRef = D1AAF89C1AC719CD00E42A2D /* MAppDelegate.m */; };
		D1AAF8A01AC719CD00E42A2D /* Main.storyboard in Resources */ = {isa = PBXBuildFile; fileRef = D1AAF89E1AC719CD00E42A2D /* Main.storyboard */; };
		D1AAF8A31AC719CD00E42A2D /* MViewController.m in Sources */ = {isa = PBXBuildFile; fileRef = D1AAF8A21AC719CD00E42A2D /* MViewController.m */; };
		D1AAF8A51AC719CD00E42A2D /* Images.xcassets in Resources */ = {isa = PBXBuildFile; fileRef = D1AAF8A41AC719CD00E42A2D /* Images.xcassets */; };
		D1AAF8AC1AC719CE00E42A2D /* XCTest.framework in Frameworks */ = {isa = PBXBuildFile; fileRef = D1AAF8AB1AC719CE00E42A2D /* XCTest.framework */; };
		D1AAF8AD1AC719CE00E42A2D /* Foundation.framework in Frameworks */ = {isa = PBXBuildFile; fileRef = D1AAF88C1AC719CD00E42A2D /* Foundation.framework */; };
		D1AAF8AE1AC719CE00E42A2D /* UIKit.framework in Frameworks */ = {isa = PBXBuildFile; fileRef = D1AAF8901AC719CD00E42A2D /* UIKit.framework */; };
		D1AAF8B61AC719CE00E42A2D /* InfoPlist.strings in Resources */ = {isa = PBXBuildFile; fileRef = D1AAF8B41AC719CE00E42A2D /* InfoPlist.strings */; };
		D1AAF8B81AC719CE00E42A2D /* IOS_GameTests.m in Sources */ = {isa = PBXBuildFile; fileRef = D1AAF8B71AC719CE00E42A2D /* IOS_GameTests.m */; };
		D1B400DC1AD8672000BD9C24 /* goodLuck.wav in Resources */ = {isa = PBXBuildFile; fileRef = D1B400DB1AD8672000BD9C24 /* goodLuck.wav */; };
		D1F5F9431AD142B600455DFF /* ahmed.jpg in Resources */ = {isa = PBXBuildFile; fileRef = D1F5F9371AD142B600455DFF /* ahmed.jpg */; };
		D1F5F9441AD142B600455DFF /* bg.png in Resources */ = {isa = PBXBuildFile; fileRef = D1F5F9381AD142B600455DFF /* bg.png */; };
		D1F5F9451AD142B600455DFF /* big.jpg in Resources */ = {isa = PBXBuildFile; fileRef = D1F5F9391AD142B600455DFF /* big.jpg */; };
		D1F5F9461AD142B600455DFF /* default.jpg in Resources */ = {isa = PBXBuildFile; fileRef = D1F5F93A1AD142B600455DFF /* default.jpg */; };
		D1F5F9471AD142B600455DFF /* hala.jpg in Resources */ = {isa = PBXBuildFile; fileRef = D1F5F93B1AD142B600455DFF /* hala.jpg */; };
		D1F5F9481AD142B600455DFF /* highlightedBG.png in Resources */ = {isa = PBXBuildFile; fileRef = D1F5F93C1AD142B600455DFF /* highlightedBG.png */; };
		D1F5F9491AD142B600455DFF /* HReachability.m in Sources */ = {isa = PBXBuildFile; fileRef = D1F5F93E1AD142B600455DFF /* HReachability.m */; };
		D1F5F94A1AD142B600455DFF /* HWinner.m in Sources */ = {isa = PBXBuildFile; fileRef = D1F5F9401AD142B600455DFF /* HWinner.m */; };
		D1F5F94B1AD142B600455DFF /* img.jpg in Resources */ = {isa = PBXBuildFile; fileRef = D1F5F9411AD142B600455DFF /* img.jpg */; };
		D1F5F94C1AD142B600455DFF /* WinnersPList.plist in Resources */ = {isa = PBXBuildFile; fileRef = D1F5F9421AD142B600455DFF /* WinnersPList.plist */; };
/* End PBXBuildFile section */

/* Begin PBXContainerItemProxy section */
		D1AAF8AF1AC719CE00E42A2D /* PBXContainerItemProxy */ = {
			isa = PBXContainerItemProxy;
			containerPortal = D1AAF8811AC719CD00E42A2D /* Project object */;
			proxyType = 1;
			remoteGlobalIDString = D1AAF8881AC719CD00E42A2D;
			remoteInfo = "IOS-Game";
		};
/* End PBXContainerItemProxy section */

/* Begin PBXFileReference section */
		D12E20F71ADBE6730015D980 /* flip1.wav */ = {isa = PBXFileReference; lastKnownFileType = audio.wav; path = flip1.wav; sourceTree = "<group>"; };
		D12E20F81ADBE6730015D980 /* goodLuck2.wav */ = {isa = PBXFileReference; lastKnownFileType = audio.wav; path = goodLuck2.wav; sourceTree = "<group>"; };
		D12E20F91ADBE6730015D980 /* hardLuck.wav */ = {isa = PBXFileReference; lastKnownFileType = audio.wav; path = hardLuck.wav; sourceTree = "<group>"; };
		D19250071ACB5D7000392035 /* GameScreenViewController.h */ = {isa = PBXFileReference; fileEncoding = 4; lastKnownFileType = sourcecode.c.h; path = GameScreenViewController.h; sourceTree = "<group>"; };
		D19250081ACB5D7000392035 /* GameScreenViewController.m */ = {isa = PBXFileReference; fileEncoding = 4; lastKnownFileType = sourcecode.c.objc; path = GameScreenViewController.m; sourceTree = "<group>"; };
		D194EC541AD404C400DAE40A /* MSocialShareUtility.h */ = {isa = PBXFileReference; fileEncoding = 4; lastKnownFileType = sourcecode.c.h; path = MSocialShareUtility.h; sourceTree = "<group>"; };
		D194EC551AD404C400DAE40A /* MSocialShareUtility.m */ = {isa = PBXFileReference; fileEncoding = 4; lastKnownFileType = sourcecode.c.objc; path = MSocialShareUtility.m; sourceTree = "<group>"; };
		D194EC571AD40ACB00DAE40A /* andl.jpg */ = {isa = PBXFileReference; lastKnownFileType = image.jpeg; path = andl.jpg; sourceTree = "<group>"; };
		D194EC581AD40ACB00DAE40A /* boo.jpg */ = {isa = PBXFileReference; lastKnownFileType = image.jpeg; path = boo.jpg; sourceTree = "<group>"; };
		D194EC591AD40ACB00DAE40A /* mared.png */ = {isa = PBXFileReference; lastKnownFileType = image.png; path = mared.png; sourceTree = "<group>"; };
		D194EC5B1AD40ACB00DAE40A /* roz.jpg */ = {isa = PBXFileReference; lastKnownFileType = image.jpeg; path = roz.jpg; sourceTree = "<group>"; };
		D194EC5C1AD40ACB00DAE40A /* sali.jpg */ = {isa = PBXFileReference; lastKnownFileType = image.jpeg; path = sali.jpg; sourceTree = "<group>"; };
		D1961A011AD1DDC1007D2FDB /* sound1.wav */ = {isa = PBXFileReference; lastKnownFileType = audio.wav; path = sound1.wav; sourceTree = "<group>"; };
		D1961A021AD1DDC1007D2FDB /* sound2.wav */ = {isa = PBXFileReference; lastKnownFileType = audio.wav; path = sound2.wav; sourceTree = "<group>"; };
		D1961A031AD1DDC1007D2FDB /* sound3.wav */ = {isa = PBXFileReference; lastKnownFileType = audio.wav; path = sound3.wav; sourceTree = "<group>"; };
		D1961A041AD1DDC1007D2FDB /* flip.wav */ = {isa = PBXFileReference; lastKnownFileType = audio.wav; path = flip.wav; sourceTree = "<group>"; };
		D1961A0A1AD1E03A007D2FDB /* AudioToolbox.framework */ = {isa = PBXFileReference; lastKnownFileType = wrapper.framework; name = AudioToolbox.framework; path = System/Library/Frameworks/AudioToolbox.framework; sourceTree = SDKROOT; };
		D1964AC11AD594A00094DF5A /* ballonPopping.wav */ = {isa = PBXFileReference; lastKnownFileType = audio.wav; path = ballonPopping.wav; sourceTree = "<group>"; };
		D1964AC21AD594A00094DF5A /* soundflip.wav */ = {isa = PBXFileReference; lastKnownFileType = audio.wav; path = soundflip.wav; sourceTree = "<group>"; };
		D1964AC41AD594A00094DF5A /* shotGun.wav */ = {isa = PBXFileReference; lastKnownFileType = audio.wav; path = shotGun.wav; sourceTree = "<group>"; };
		D1964AC51AD594A00094DF5A /* victory.wav */ = {isa = PBXFileReference; lastKnownFileType = audio.wav; path = victory.wav; sourceTree = "<group>"; };
		D19683811AD56AA8006A8D3D /* question.png */ = {isa = PBXFileReference; lastKnownFileType = image.png; path = question.png; sourceTree = "<group>"; };
		D19841521ADC690900F5C915 /* sync.png */ = {isa = PBXFileReference; lastKnownFileType = image.png; path = sync.png; sourceTree = "<group>"; };
		D19841541ADC6C5800F5C915 /* sync-06.png */ = {isa = PBXFileReference; lastKnownFileType = image.png; path = "sync-06.png"; sourceTree = "<group>"; };
		D19A903F1AD7EC9B001445BF /* user.png */ = {isa = PBXFileReference; lastKnownFileType = image.png; path = user.png; sourceTree = "<group>"; };
		D19A90CA1AD7F455001445BF /* back.png */ = {isa = PBXFileReference; lastKnownFileType = image.png; path = back.png; sourceTree = "<group>"; };
		D19A90CC1AD80970001445BF /* exitRed.png */ = {isa = PBXFileReference; lastKnownFileType = image.png; path = exitRed.png; sourceTree = "<group>"; };
		D19A90CE1AD809D3001445BF /* exit.png */ = {isa = PBXFileReference; lastKnownFileType = image.png; path = exit.png; sourceTree = "<group>"; };
		D19A90D01AD81183001445BF /* WinnersViewController.h */ = {isa = PBXFileReference; fileEncoding = 4; lastKnownFileType = sourcecode.c.h; path = WinnersViewController.h; sourceTree = "<group>"; };
		D19A90D11AD81183001445BF /* WinnersViewController.m */ = {isa = PBXFileReference; fileEncoding = 4; lastKnownFileType = sourcecode.c.objc; path = WinnersViewController.m; sourceTree = "<group>"; };
		D19A90D31AD8283F001445BF /* home.png */ = {isa = PBXFileReference; lastKnownFileType = image.png; path = home.png; sourceTree = "<group>"; };
		D19A90D51AD8284B001445BF /* soundOff.png */ = {isa = PBXFileReference; lastKnownFileType = image.png; path = soundOff.png; sourceTree = "<group>"; };
		D19A90D61AD8284B001445BF /* soundOn.png */ = {isa = PBXFileReference; lastKnownFileType = image.png; path = soundOn.png; sourceTree = "<group>"; };
		D19AA4DE1AD1E89B008E67EE /* bg_app.png */ = {isa = PBXFileReference; lastKnownFileType = image.png; path = bg_app.png; sourceTree = "<group>"; };
		D19AA4DF1AD1E89B008E67EE /* btn_facebook_share.png */ = {isa = PBXFileReference; lastKnownFileType = image.png; path = btn_facebook_share.png; sourceTree = "<group>"; };
		D19AA4E01AD1E89B008E67EE /* btn_facebook.png */ = {isa = PBXFileReference; lastKnownFileType = image.png; path = btn_facebook.png; sourceTree = "<group>"; };
		D19AA4E11AD1E89B008E67EE /* btn_leaderboard.png */ = {isa = PBXFileReference; lastKnownFileType = image.png; path = btn_leaderboard.png; sourceTree = "<group>"; };
		D19AA4E21AD1E89B008E67EE /* btn_play.png */ = {isa = PBXFileReference; lastKnownFileType = image.png; path = btn_play.png; sourceTree = "<group>"; };
		D19AA4E31AD1E89B008E67EE /* btn_settings.png */ = {isa = PBXFileReference; lastKnownFileType = image.png; path = btn_settings.png; sourceTree = "<group>"; };
		D19AA4E41AD1E89B008E67EE /* btn_signin.png */ = {isa = PBXFileReference; lastKnownFileType = image.png; path = btn_signin.png; sourceTree = "<group>"; };
		D19AA4E51AD1E89B008E67EE /* btn_signup.png */ = {isa = PBXFileReference; lastKnownFileType = image.png; path = btn_signup.png; sourceTree = "<group>"; };
		D19AA4E61AD1E89B008E67EE /* cell_orange.png */ = {isa = PBXFileReference; lastKnownFileType = image.png; path = cell_orange.png; sourceTree = "<group>"; };
		D19AA4E71AD1E89B008E67EE /* txtf_default.png */ = {isa = PBXFileReference; lastKnownFileType = image.png; path = txtf_default.png; sourceTree = "<group>"; };
		D19AA4F21AD1EBE4008E67EE /* img1.png */ = {isa = PBXFileReference; lastKnownFileType = image.png; name = img1.png; path = "IOS-Game/img1.png"; sourceTree = "<group>"; };
		D19AA4F31AD1EBE4008E67EE /* img2.png */ = {isa = PBXFileReference; lastKnownFileType = image.png; name = img2.png; path = "IOS-Game/img2.png"; sourceTree = "<group>"; };
		D19AA4F61AD1F57A008E67EE /* btn_register.png */ = {isa = PBXFileReference; lastKnownFileType = image.png; path = btn_register.png; sourceTree = "<group>"; };
		D19AA4F71AD1F57A008E67EE /* btn_save.png */ = {isa = PBXFileReference; lastKnownFileType = image.png; path = btn_save.png; sourceTree = "<group>"; };
		D19B8D821ADA792900A17D6D /* MHttpConnection.h */ = {isa = PBXFileReference; fileEncoding = 4; lastKnownFileType = sourcecode.c.h; path = MHttpConnection.h; sourceTree = "<group>"; };
		D19B8D831ADA792900A17D6D /* MHttpConnection.m */ = {isa = PBXFileReference; fileEncoding = 4; lastKnownFileType = sourcecode.c.objc; path = MHttpConnection.m; sourceTree = "<group>"; };
		D19EAEA91AD8F51C00365B9E /* splash-1.png */ = {isa = PBXFileReference; lastKnownFileType = image.png; name = "splash-1.png"; path = "Splash Screen2/splash-1.png"; sourceTree = "<group>"; };
		D19EAEAA1AD8F51C00365B9E /* splash-2.png */ = {isa = PBXFileReference; lastKnownFileType = image.png; name = "splash-2.png"; path = "Splash Screen2/splash-2.png"; sourceTree = "<group>"; };
		D19EAEAB1AD8F51C00365B9E /* splash-3.png */ = {isa = PBXFileReference; lastKnownFileType = image.png; name = "splash-3.png"; path = "Splash Screen2/splash-3.png"; sourceTree = "<group>"; };
		D19EAEAC1AD8F51C00365B9E /* splash-4.png */ = {isa = PBXFileReference; lastKnownFileType = image.png; name = "splash-4.png"; path = "Splash Screen2/splash-4.png"; sourceTree = "<group>"; };
		D19EAEAD1AD8F51C00365B9E /* splash-5.png */ = {isa = PBXFileReference; lastKnownFileType = image.png; name = "splash-5.png"; path = "Splash Screen2/splash-5.png"; sourceTree = "<group>"; };
		D19EAEAE1AD8F51C00365B9E /* splash-6.png */ = {isa = PBXFileReference; lastKnownFileType = image.png; name = "splash-6.png"; path = "Splash Screen2/splash-6.png"; sourceTree = "<group>"; };
		D19EAEAF1AD8F51C00365B9E /* splash-7.png */ = {isa = PBXFileReference; lastKnownFileType = image.png; name = "splash-7.png"; path = "Splash Screen2/splash-7.png"; sourceTree = "<group>"; };
		D19EAEB01AD8F51C00365B9E /* splash-8.png */ = {isa = PBXFileReference; lastKnownFileType = image.png; name = "splash-8.png"; path = "Splash Screen2/splash-8.png"; sourceTree = "<group>"; };
		D19EAEB11AD8F51C00365B9E /* splash-9.png */ = {isa = PBXFileReference; lastKnownFileType = image.png; name = "splash-9.png"; path = "Splash Screen2/splash-9.png"; sourceTree = "<group>"; };
		D19EAEB21AD8F51C00365B9E /* splash-10.png */ = {isa = PBXFileReference; lastKnownFileType = image.png; name = "splash-10.png"; path = "Splash Screen2/splash-10.png"; sourceTree = "<group>"; };
		D19EAEB31AD8F51C00365B9E /* splash-11.png */ = {isa = PBXFileReference; lastKnownFileType = image.png; name = "splash-11.png"; path = "Splash Screen2/splash-11.png"; sourceTree = "<group>"; };
		D19EAEB41AD8F51C00365B9E /* splash-12.png */ = {isa = PBXFileReference; lastKnownFileType = image.png; name = "splash-12.png"; path = "Splash Screen2/splash-12.png"; sourceTree = "<group>"; };
		D19EAEB51AD8F51C00365B9E /* splash-13.png */ = {isa = PBXFileReference; lastKnownFileType = image.png; name = "splash-13.png"; path = "Splash Screen2/splash-13.png"; sourceTree = "<group>"; };
		D19EAEB61AD8F51C00365B9E /* splash-14.png */ = {isa = PBXFileReference; lastKnownFileType = image.png; name = "splash-14.png"; path = "Splash Screen2/splash-14.png"; sourceTree = "<group>"; };
		D19EAEB71AD8F51C00365B9E /* splash-15.png */ = {isa = PBXFileReference; lastKnownFileType = image.png; name = "splash-15.png"; path = "Splash Screen2/splash-15.png"; sourceTree = "<group>"; };
		D19EAEB81AD8F51C00365B9E /* splash-16.png */ = {isa = PBXFileReference; lastKnownFileType = image.png; name = "splash-16.png"; path = "Splash Screen2/splash-16.png"; sourceTree = "<group>"; };
		D19EAEB91AD8F51C00365B9E /* splash-17.png */ = {isa = PBXFileReference; lastKnownFileType = image.png; name = "splash-17.png"; path = "Splash Screen2/splash-17.png"; sourceTree = "<group>"; };
		D19EAEBA1AD8F51C00365B9E /* splash-18.png */ = {isa = PBXFileReference; lastKnownFileType = image.png; name = "splash-18.png"; path = "Splash Screen2/splash-18.png"; sourceTree = "<group>"; };
		D19EAEBB1AD8F51C00365B9E /* splash-19.png */ = {isa = PBXFileReference; lastKnownFileType = image.png; name = "splash-19.png"; path = "Splash Screen2/splash-19.png"; sourceTree = "<group>"; };
		D19EAEBC1AD8F51C00365B9E /* splash-20.png */ = {isa = PBXFileReference; lastKnownFileType = image.png; name = "splash-20.png"; path = "Splash Screen2/splash-20.png"; sourceTree = "<group>"; };
		D19EAEBD1AD8F51C00365B9E /* splash-21.png */ = {isa = PBXFileReference; lastKnownFileType = image.png; name = "splash-21.png"; path = "Splash Screen2/splash-21.png"; sourceTree = "<group>"; };
		D19EAEBE1AD8F51C00365B9E /* splash-22.png */ = {isa = PBXFileReference; lastKnownFileType = image.png; name = "splash-22.png"; path = "Splash Screen2/splash-22.png"; sourceTree = "<group>"; };
		D19EAEBF1AD8F51C00365B9E /* splash-23.png */ = {isa = PBXFileReference; lastKnownFileType = image.png; name = "splash-23.png"; path = "Splash Screen2/splash-23.png"; sourceTree = "<group>"; };
		D19EAEC01AD8F51C00365B9E /* splash-24.png */ = {isa = PBXFileReference; lastKnownFileType = image.png; name = "splash-24.png"; path = "Splash Screen2/splash-24.png"; sourceTree = "<group>"; };
		D19EAEC11AD8F51C00365B9E /* splash-25.png */ = {isa = PBXFileReference; lastKnownFileType = image.png; name = "splash-25.png"; path = "Splash Screen2/splash-25.png"; sourceTree = "<group>"; };
		D19EAEC21AD8F51C00365B9E /* splash-26.png */ = {isa = PBXFileReference; lastKnownFileType = image.png; name = "splash-26.png"; path = "Splash Screen2/splash-26.png"; sourceTree = "<group>"; };
		D19EAEC31AD8F51C00365B9E /* splash-27.png */ = {isa = PBXFileReference; lastKnownFileType = image.png; name = "splash-27.png"; path = "Splash Screen2/splash-27.png"; sourceTree = "<group>"; };
		D19EAEC41AD8F51C00365B9E /* splash-28.png */ = {isa = PBXFileReference; lastKnownFileType = image.png; name = "splash-28.png"; path = "Splash Screen2/splash-28.png"; sourceTree = "<group>"; };
		D19EAEC51AD8F51C00365B9E /* splash-29.png */ = {isa = PBXFileReference; lastKnownFileType = image.png; name = "splash-29.png"; path = "Splash Screen2/splash-29.png"; sourceTree = "<group>"; };
		D19EAEC61AD8F51C00365B9E /* splash-30.png */ = {isa = PBXFileReference; lastKnownFileType = image.png; name = "splash-30.png"; path = "Splash Screen2/splash-30.png"; sourceTree = "<group>"; };
		D19EAEC71AD8F51C00365B9E /* splash-31.png */ = {isa = PBXFileReference; lastKnownFileType = image.png; name = "splash-31.png"; path = "Splash Screen2/splash-31.png"; sourceTree = "<group>"; };
		D19EAEC81AD8F51C00365B9E /* splash-32.png */ = {isa = PBXFileReference; lastKnownFileType = image.png; name = "splash-32.png"; path = "Splash Screen2/splash-32.png"; sourceTree = "<group>"; };
		D19EAEC91AD8F51C00365B9E /* splash-33.png */ = {isa = PBXFileReference; lastKnownFileType = image.png; name = "splash-33.png"; path = "Splash Screen2/splash-33.png"; sourceTree = "<group>"; };
		D19EAECA1AD8F51C00365B9E /* splash-34.png */ = {isa = PBXFileReference; lastKnownFileType = image.png; name = "splash-34.png"; path = "Splash Screen2/splash-34.png"; sourceTree = "<group>"; };
		D19EAECB1AD8F51C00365B9E /* splash-35.png */ = {isa = PBXFileReference; lastKnownFileType = image.png; name = "splash-35.png"; path = "Splash Screen2/splash-35.png"; sourceTree = "<group>"; };
		D19EAECC1AD8F51C00365B9E /* splash-36.png */ = {isa = PBXFileReference; lastKnownFileType = image.png; name = "splash-36.png"; path = "Splash Screen2/splash-36.png"; sourceTree = "<group>"; };
		D1A008961ADC7902001D0B07 /* hole.png */ = {isa = PBXFileReference; lastKnownFileType = image.png; path = hole.png; sourceTree = "<group>"; };
		D1A008971ADC7902001D0B07 /* logo.png */ = {isa = PBXFileReference; lastKnownFileType = image.png; path = logo.png; sourceTree = "<group>"; };
		D1A0089A1ADC7D53001D0B07 /* green_ball.png */ = {isa = PBXFileReference; lastKnownFileType = image.png; path = green_ball.png; sourceTree = "<group>"; };
		D1A0089B1ADC7D53001D0B07 /* monster.png */ = {isa = PBXFileReference; lastKnownFileType = image.png; path = monster.png; sourceTree = "<group>"; };
		D1A0089E1ADC8F5D001D0B07 /* headFall.wav */ = {isa = PBXFileReference; lastKnownFileType = audio.wav; path = headFall.wav; sourceTree = "<group>"; };
		D1A0089F1ADC8F5D001D0B07 /* jumb.wav */ = {isa = PBXFileReference; lastKnownFileType = audio.wav; path = jumb.wav; sourceTree = "<group>"; };
		D1A008A21ADC91A5001D0B07 /* appear.wav */ = {isa = PBXFileReference; lastKnownFileType = audio.wav; path = appear.wav; sourceTree = "<group>"; };
		D1A008A41ADC9612001D0B07 /* toShare.png */ = {isa = PBXFileReference; lastKnownFileType = image.png; path = toShare.png; sourceTree = "<group>"; };
		D1A008A91ADC9F19001D0B07 /* btn_signout.png */ = {isa = PBXFileReference; lastKnownFileType = image.png; path = btn_signout.png; sourceTree = "<group>"; };
		D1A008AE1ADCA5B2001D0B07 /* app_logo58.png */ = {isa = PBXFileReference; lastKnownFileType = image.png; path = app_logo58.png; sourceTree = "<group>"; };
		D1A008AF1ADCA5B2001D0B07 /* app_logo80.png */ = {isa = PBXFileReference; lastKnownFileType = image.png; path = app_logo80.png; sourceTree = "<group>"; };
		D1A008B01ADCA5B2001D0B07 /* app_logo120.png */ = {isa = PBXFileReference; lastKnownFileType = image.png; path = app_logo120.png; sourceTree = "<group>"; };
		D1A11FA71AD5EB6F00D67DEF /* celebrate.png */ = {isa = PBXFileReference; lastKnownFileType = image.png; path = celebrate.png; sourceTree = "<group>"; };
		D1A2792D1AD698F20081E716 /* img1.png */ = {isa = PBXFileReference; lastKnownFileType = image.png; path = img1.png; sourceTree = "<group>"; };
		D1A2792E1AD698F20081E716 /* img2.png */ = {isa = PBXFileReference; lastKnownFileType = image.png; path = img2.png; sourceTree = "<group>"; };
		D1A4114D1ADD505600EFA973 /* monster2.jpg */ = {isa = PBXFileReference; lastKnownFileType = image.jpeg; path = monster2.jpg; sourceTree = "<group>"; };
		D1A4114E1ADD505600EFA973 /* shalabi.jpg */ = {isa = PBXFileReference; lastKnownFileType = image.jpeg; path = shalabi.jpg; sourceTree = "<group>"; };
		D1A411641ADD539300EFA973 /* ankbot.jpg */ = {isa = PBXFileReference; lastKnownFileType = image.jpeg; path = ankbot.jpg; sourceTree = "<group>"; };
		D1A411661ADD571D00EFA973 /* highscore.jpg */ = {isa = PBXFileReference; lastKnownFileType = image.jpeg; path = highscore.jpg; sourceTree = "<group>"; };
		D1A4E43C1AC871C50016389F /* MSplashScreenViewController.h */ = {isa = PBXFileReference; fileEncoding = 4; lastKnownFileType = sourcecode.c.h; path = MSplashScreenViewController.h; sourceTree = "<group>"; };
		D1A4E43D1AC871C50016389F /* MSplashScreenViewController.m */ = {isa = PBXFileReference; fileEncoding = 4; lastKnownFileType = sourcecode.c.objc; path = MSplashScreenViewController.m; sourceTree = "<group>"; };
		D1A882A71AC960C3009C435D /* MLoginViewController.h */ = {isa = PBXFileReference; fileEncoding = 4; lastKnownFileType = sourcecode.c.h; path = MLoginViewController.h; sourceTree = "<group>"; };
		D1A882A81AC960C3009C435D /* MLoginViewController.m */ = {isa = PBXFileReference; fileEncoding = 4; lastKnownFileType = sourcecode.c.objc; path = MLoginViewController.m; sourceTree = "<group>"; };
		D1A882AA1AC963FE009C435D /* MRegisterViewController.h */ = {isa = PBXFileReference; fileEncoding = 4; lastKnownFileType = sourcecode.c.h; path = MRegisterViewController.h; sourceTree = "<group>"; };
		D1A882AB1AC963FE009C435D /* MRegisterViewController.m */ = {isa = PBXFileReference; fileEncoding = 4; lastKnownFileType = sourcecode.c.objc; path = MRegisterViewController.m; sourceTree = "<group>"; };
		D1A882AD1AC98AB6009C435D /* MHomeViewController.h */ = {isa = PBXFileReference; fileEncoding = 4; lastKnownFileType = sourcecode.c.h; path = MHomeViewController.h; sourceTree = "<group>"; };
		D1A882AE1AC98AB6009C435D /* MHomeViewController.m */ = {isa = PBXFileReference; fileEncoding = 4; lastKnownFileType = sourcecode.c.objc; path = MHomeViewController.m; sourceTree = "<group>"; };
		D1A882B01AC993D5009C435D /* MGameScreenViewController.h */ = {isa = PBXFileReference; fileEncoding = 4; lastKnownFileType = sourcecode.c.h; path = MGameScreenViewController.h; sourceTree = "<group>"; };
		D1A882B11AC993D5009C435D /* MGameScreenViewController.m */ = {isa = PBXFileReference; fileEncoding = 4; lastKnownFileType = sourcecode.c.objc; path = MGameScreenViewController.m; sourceTree = "<group>"; };
		D1A882B31AC9B4E0009C435D /* MProfileViewController.h */ = {isa = PBXFileReference; fileEncoding = 4; lastKnownFileType = sourcecode.c.h; path = MProfileViewController.h; sourceTree = "<group>"; };
		D1A882B41AC9B4E0009C435D /* MProfileViewController.m */ = {isa = PBXFileReference; fileEncoding = 4; lastKnownFileType = sourcecode.c.objc; path = MProfileViewController.m; sourceTree = "<group>"; };
		D1A882B61AC9B6CC009C435D /* MLeaderBoardViewController.h */ = {isa = PBXFileReference; fileEncoding = 4; lastKnownFileType = sourcecode.c.h; path = MLeaderBoardViewController.h; sourceTree = "<group>"; };
		D1A882B71AC9B6CC009C435D /* MLeaderBoardViewController.m */ = {isa = PBXFileReference; fileEncoding = 4; lastKnownFileType = sourcecode.c.objc; path = MLeaderBoardViewController.m; sourceTree = "<group>"; };
		D1AAF8891AC719CD00E42A2D /* Monster Cards.app */ = {isa = PBXFileReference; explicitFileType = wrapper.application; includeInIndex = 0; path = "Monster Cards.app"; sourceTree = BUILT_PRODUCTS_DIR; };
		D1AAF88C1AC719CD00E42A2D /* Foundation.framework */ = {isa = PBXFileReference; lastKnownFileType = wrapper.framework; name = Foundation.framework; path = System/Library/Frameworks/Foundation.framework; sourceTree = SDKROOT; };
		D1AAF88E1AC719CD00E42A2D /* CoreGraphics.framework */ = {isa = PBXFileReference; lastKnownFileType = wrapper.framework; name = CoreGraphics.framework; path = System/Library/Frameworks/CoreGraphics.framework; sourceTree = SDKROOT; };
		D1AAF8901AC719CD00E42A2D /* UIKit.framework */ = {isa = PBXFileReference; lastKnownFileType = wrapper.framework; name = UIKit.framework; path = System/Library/Frameworks/UIKit.framework; sourceTree = SDKROOT; };
		D1AAF8941AC719CD00E42A2D /* IOS-Game-Info.plist */ = {isa = PBXFileReference; lastKnownFileType = text.plist.xml; path = "IOS-Game-Info.plist"; sourceTree = "<group>"; };
		D1AAF8961AC719CD00E42A2D /* en */ = {isa = PBXFileReference; lastKnownFileType = text.plist.strings; name = en; path = en.lproj/InfoPlist.strings; sourceTree = "<group>"; };
		D1AAF8981AC719CD00E42A2D /* main.m */ = {isa = PBXFileReference; lastKnownFileType = sourcecode.c.objc; path = main.m; sourceTree = "<group>"; };
		D1AAF89A1AC719CD00E42A2D /* IOS-Game-Prefix.pch */ = {isa = PBXFileReference; lastKnownFileType = sourcecode.c.h; path = "IOS-Game-Prefix.pch"; sourceTree = "<group>"; };
		D1AAF89B1AC719CD00E42A2D /* MAppDelegate.h */ = {isa = PBXFileReference; lastKnownFileType = sourcecode.c.h; path = MAppDelegate.h; sourceTree = "<group>"; };
		D1AAF89C1AC719CD00E42A2D /* MAppDelegate.m */ = {isa = PBXFileReference; lastKnownFileType = sourcecode.c.objc; path = MAppDelegate.m; sourceTree = "<group>"; };
		D1AAF89F1AC719CD00E42A2D /* Base */ = {isa = PBXFileReference; lastKnownFileType = file.storyboard; name = Base; path = Base.lproj/Main.storyboard; sourceTree = "<group>"; };
		D1AAF8A11AC719CD00E42A2D /* MViewController.h */ = {isa = PBXFileReference; lastKnownFileType = sourcecode.c.h; path = MViewController.h; sourceTree = "<group>"; };
		D1AAF8A21AC719CD00E42A2D /* MViewController.m */ = {isa = PBXFileReference; lastKnownFileType = sourcecode.c.objc; path = MViewController.m; sourceTree = "<group>"; };
		D1AAF8A41AC719CD00E42A2D /* Images.xcassets */ = {isa = PBXFileReference; lastKnownFileType = folder.assetcatalog; path = Images.xcassets; sourceTree = "<group>"; };
		D1AAF8AA1AC719CE00E42A2D /* IOS-GameTests.xctest */ = {isa = PBXFileReference; explicitFileType = wrapper.cfbundle; includeInIndex = 0; path = "IOS-GameTests.xctest"; sourceTree = BUILT_PRODUCTS_DIR; };
		D1AAF8AB1AC719CE00E42A2D /* XCTest.framework */ = {isa = PBXFileReference; lastKnownFileType = wrapper.framework; name = XCTest.framework; path = Library/Frameworks/XCTest.framework; sourceTree = DEVELOPER_DIR; };
		D1AAF8B31AC719CE00E42A2D /* IOS-GameTests-Info.plist */ = {isa = PBXFileReference; lastKnownFileType = text.plist.xml; path = "IOS-GameTests-Info.plist"; sourceTree = "<group>"; };
		D1AAF8B51AC719CE00E42A2D /* en */ = {isa = PBXFileReference; lastKnownFileType = text.plist.strings; name = en; path = en.lproj/InfoPlist.strings; sourceTree = "<group>"; };
		D1AAF8B71AC719CE00E42A2D /* IOS_GameTests.m */ = {isa = PBXFileReference; lastKnownFileType = sourcecode.c.objc; path = IOS_GameTests.m; sourceTree = "<group>"; };
		D1B400DB1AD8672000BD9C24 /* goodLuck.wav */ = {isa = PBXFileReference; lastKnownFileType = audio.wav; path = goodLuck.wav; sourceTree = "<group>"; };
		D1F5F9371AD142B600455DFF /* ahmed.jpg */ = {isa = PBXFileReference; lastKnownFileType = image.jpeg; path = ahmed.jpg; sourceTree = "<group>"; };
		D1F5F9381AD142B600455DFF /* bg.png */ = {isa = PBXFileReference; lastKnownFileType = image.png; path = bg.png; sourceTree = "<group>"; };
		D1F5F9391AD142B600455DFF /* big.jpg */ = {isa = PBXFileReference; lastKnownFileType = image.jpeg; path = big.jpg; sourceTree = "<group>"; };
		D1F5F93A1AD142B600455DFF /* default.jpg */ = {isa = PBXFileReference; lastKnownFileType = image.jpeg; path = default.jpg; sourceTree = "<group>"; };
		D1F5F93B1AD142B600455DFF /* hala.jpg */ = {isa = PBXFileReference; lastKnownFileType = image.jpeg; path = hala.jpg; sourceTree = "<group>"; };
		D1F5F93C1AD142B600455DFF /* highlightedBG.png */ = {isa = PBXFileReference; lastKnownFileType = image.png; path = highlightedBG.png; sourceTree = "<group>"; };
		D1F5F93D1AD142B600455DFF /* HReachability.h */ = {isa = PBXFileReference; fileEncoding = 4; lastKnownFileType = sourcecode.c.h; path = HReachability.h; sourceTree = "<group>"; };
		D1F5F93E1AD142B600455DFF /* HReachability.m */ = {isa = PBXFileReference; fileEncoding = 4; lastKnownFileType = sourcecode.c.objc; path = HReachability.m; sourceTree = "<group>"; };
		D1F5F93F1AD142B600455DFF /* HWinner.h */ = {isa = PBXFileReference; fileEncoding = 4; lastKnownFileType = sourcecode.c.h; path = HWinner.h; sourceTree = "<group>"; };
		D1F5F9401AD142B600455DFF /* HWinner.m */ = {isa = PBXFileReference; fileEncoding = 4; lastKnownFileType = sourcecode.c.objc; path = HWinner.m; sourceTree = "<group>"; };
		D1F5F9411AD142B600455DFF /* img.jpg */ = {isa = PBXFileReference; lastKnownFileType = image.jpeg; path = img.jpg; sourceTree = "<group>"; };
		D1F5F9421AD142B600455DFF /* WinnersPList.plist */ = {isa = PBXFileReference; fileEncoding = 4; lastKnownFileType = text.plist.xml; path = WinnersPList.plist; sourceTree = "<group>"; };
/* End PBXFileReference section */

/* Begin PBXFrameworksBuildPhase section */
		D1AAF8861AC719CD00E42A2D /* Frameworks */ = {
			isa = PBXFrameworksBuildPhase;
			buildActionMask = 2147483647;
			files = (
				D1961A0B1AD1E03A007D2FDB /* AudioToolbox.framework in Frameworks */,
				D1AAF88F1AC719CD00E42A2D /* CoreGraphics.framework in Frameworks */,
				D1AAF8911AC719CD00E42A2D /* UIKit.framework in Frameworks */,
				D1AAF88D1AC719CD00E42A2D /* Foundation.framework in Frameworks */,
			);
			runOnlyForDeploymentPostprocessing = 0;
		};
		D1AAF8A71AC719CE00E42A2D /* Frameworks */ = {
			isa = PBXFrameworksBuildPhase;
			buildActionMask = 2147483647;
			files = (
				D1AAF8AC1AC719CE00E42A2D /* XCTest.framework in Frameworks */,
				D1AAF8AE1AC719CE00E42A2D /* UIKit.framework in Frameworks */,
				D1AAF8AD1AC719CE00E42A2D /* Foundation.framework in Frameworks */,
			);
			runOnlyForDeploymentPostprocessing = 0;
		};
/* End PBXFrameworksBuildPhase section */

/* Begin PBXGroup section */
		D195B4A71ACEE1CF00A68E85 /* Utilities */ = {
			isa = PBXGroup;
			children = (
				D194EC541AD404C400DAE40A /* MSocialShareUtility.h */,
				D194EC551AD404C400DAE40A /* MSocialShareUtility.m */,
				D1F5F93D1AD142B600455DFF /* HReachability.h */,
				D1F5F93E1AD142B600455DFF /* HReachability.m */,
				D1F5F93F1AD142B600455DFF /* HWinner.h */,
				D1F5F9401AD142B600455DFF /* HWinner.m */,
				D1F5F9421AD142B600455DFF /* WinnersPList.plist */,
				D19B8D821ADA792900A17D6D /* MHttpConnection.h */,
				D19B8D831ADA792900A17D6D /* MHttpConnection.m */,
			);
			name = Utilities;
			sourceTree = "<group>";
		};
		D1961A091AD1DDCB007D2FDB /* sounds */ = {
			isa = PBXGroup;
			children = (
				D1A008A21ADC91A5001D0B07 /* appear.wav */,
				D1A0089E1ADC8F5D001D0B07 /* headFall.wav */,
				D1A0089F1ADC8F5D001D0B07 /* jumb.wav */,
				D12E20F71ADBE6730015D980 /* flip1.wav */,
				D12E20F81ADBE6730015D980 /* goodLuck2.wav */,
				D12E20F91ADBE6730015D980 /* hardLuck.wav */,
				D1B400DB1AD8672000BD9C24 /* goodLuck.wav */,
				D1964AC11AD594A00094DF5A /* ballonPopping.wav */,
				D1964AC21AD594A00094DF5A /* soundflip.wav */,
				D1964AC41AD594A00094DF5A /* shotGun.wav */,
				D1964AC51AD594A00094DF5A /* victory.wav */,
				D1961A011AD1DDC1007D2FDB /* sound1.wav */,
				D1961A021AD1DDC1007D2FDB /* sound2.wav */,
				D1961A031AD1DDC1007D2FDB /* sound3.wav */,
				D1961A041AD1DDC1007D2FDB /* flip.wav */,
			);
			name = sounds;
			sourceTree = "<group>";
		};
		D19EAEA81AD8F4F000365B9E /* Splash Screen */ = {
			isa = PBXGroup;
			children = (
				D19EAEA91AD8F51C00365B9E /* splash-1.png */,
				D19EAEAA1AD8F51C00365B9E /* splash-2.png */,
				D19EAEAB1AD8F51C00365B9E /* splash-3.png */,
				D19EAEAC1AD8F51C00365B9E /* splash-4.png */,
				D19EAEAD1AD8F51C00365B9E /* splash-5.png */,
				D19EAEAE1AD8F51C00365B9E /* splash-6.png */,
				D19EAEAF1AD8F51C00365B9E /* splash-7.png */,
				D19EAEB01AD8F51C00365B9E /* splash-8.png */,
				D19EAEB11AD8F51C00365B9E /* splash-9.png */,
				D19EAEB21AD8F51C00365B9E /* splash-10.png */,
				D19EAEB31AD8F51C00365B9E /* splash-11.png */,
				D19EAEB41AD8F51C00365B9E /* splash-12.png */,
				D19EAEB51AD8F51C00365B9E /* splash-13.png */,
				D19EAEB61AD8F51C00365B9E /* splash-14.png */,
				D19EAEB71AD8F51C00365B9E /* splash-15.png */,
				D19EAEB81AD8F51C00365B9E /* splash-16.png */,
				D19EAEB91AD8F51C00365B9E /* splash-17.png */,
				D19EAEBA1AD8F51C00365B9E /* splash-18.png */,
				D19EAEBB1AD8F51C00365B9E /* splash-19.png */,
				D19EAEBC1AD8F51C00365B9E /* splash-20.png */,
				D19EAEBD1AD8F51C00365B9E /* splash-21.png */,
				D19EAEBE1AD8F51C00365B9E /* splash-22.png */,
				D19EAEBF1AD8F51C00365B9E /* splash-23.png */,
				D19EAEC01AD8F51C00365B9E /* splash-24.png */,
				D19EAEC11AD8F51C00365B9E /* splash-25.png */,
				D19EAEC21AD8F51C00365B9E /* splash-26.png */,
				D19EAEC31AD8F51C00365B9E /* splash-27.png */,
				D19EAEC41AD8F51C00365B9E /* splash-28.png */,
				D19EAEC51AD8F51C00365B9E /* splash-29.png */,
				D19EAEC61AD8F51C00365B9E /* splash-30.png */,
				D19EAEC71AD8F51C00365B9E /* splash-31.png */,
				D19EAEC81AD8F51C00365B9E /* splash-32.png */,
				D19EAEC91AD8F51C00365B9E /* splash-33.png */,
				D19EAECA1AD8F51C00365B9E /* splash-34.png */,
				D19EAECB1AD8F51C00365B9E /* splash-35.png */,
				D19EAECC1AD8F51C00365B9E /* splash-36.png */,
			);
			name = "Splash Screen";
			sourceTree = "<group>";
		};
		D1A4E43B1AC871740016389F /* ViewControllers */ = {
			isa = PBXGroup;
			children = (
				D1A4E43C1AC871C50016389F /* MSplashScreenViewController.h */,
				D1A4E43D1AC871C50016389F /* MSplashScreenViewController.m */,
				D1A882A71AC960C3009C435D /* MLoginViewController.h */,
				D1A882A81AC960C3009C435D /* MLoginViewController.m */,
				D1A882AA1AC963FE009C435D /* MRegisterViewController.h */,
				D1A882AB1AC963FE009C435D /* MRegisterViewController.m */,
				D1A882AD1AC98AB6009C435D /* MHomeViewController.h */,
				D1A882AE1AC98AB6009C435D /* MHomeViewController.m */,
				D1A882B01AC993D5009C435D /* MGameScreenViewController.h */,
				D1A882B11AC993D5009C435D /* MGameScreenViewController.m */,
				D1A882B31AC9B4E0009C435D /* MProfileViewController.h */,
				D1A882B41AC9B4E0009C435D /* MProfileViewController.m */,
				D1A882B61AC9B6CC009C435D /* MLeaderBoardViewController.h */,
				D1A882B71AC9B6CC009C435D /* MLeaderBoardViewController.m */,
				D19250071ACB5D7000392035 /* GameScreenViewController.h */,
				D19250081ACB5D7000392035 /* GameScreenViewController.m */,
				D19A90D01AD81183001445BF /* WinnersViewController.h */,
				D19A90D11AD81183001445BF /* WinnersViewController.m */,
			);
			name = ViewControllers;
			sourceTree = "<group>";
		};
		D1AAF8801AC719CD00E42A2D = {
			isa = PBXGroup;
			children = (
				D1AAF8921AC719CD00E42A2D /* IOS-Game */,
				D1AAF8B11AC719CE00E42A2D /* IOS-GameTests */,
				D1AAF88B1AC719CD00E42A2D /* Frameworks */,
				D1AAF88A1AC719CD00E42A2D /* Products */,
			);
			sourceTree = "<group>";
		};
		D1AAF88A1AC719CD00E42A2D /* Products */ = {
			isa = PBXGroup;
			children = (
				D1AAF8891AC719CD00E42A2D /* Monster Cards.app */,
				D1AAF8AA1AC719CE00E42A2D /* IOS-GameTests.xctest */,
			);
			name = Products;
			sourceTree = "<group>";
		};
		D1AAF88B1AC719CD00E42A2D /* Frameworks */ = {
			isa = PBXGroup;
			children = (
				D1961A0A1AD1E03A007D2FDB /* AudioToolbox.framework */,
				D1AAF88C1AC719CD00E42A2D /* Foundation.framework */,
				D1AAF88E1AC719CD00E42A2D /* CoreGraphics.framework */,
				D1AAF8901AC719CD00E42A2D /* UIKit.framework */,
				D1AAF8AB1AC719CE00E42A2D /* XCTest.framework */,
			);
			name = Frameworks;
			sourceTree = "<group>";
		};
		D1AAF8921AC719CD00E42A2D /* IOS-Game */ = {
			isa = PBXGroup;
			children = (
				D1961A091AD1DDCB007D2FDB /* sounds */,
				D1F5F94D1AD142BB00455DFF /* images */,
				D195B4A71ACEE1CF00A68E85 /* Utilities */,
				D1A4E43B1AC871740016389F /* ViewControllers */,
				D1AAF89B1AC719CD00E42A2D /* MAppDelegate.h */,
				D1AAF89C1AC719CD00E42A2D /* MAppDelegate.m */,
				D1AAF89E1AC719CD00E42A2D /* Main.storyboard */,
				D1AAF8A11AC719CD00E42A2D /* MViewController.h */,
				D1AAF8A21AC719CD00E42A2D /* MViewController.m */,
				D1AAF8A41AC719CD00E42A2D /* Images.xcassets */,
				D1AAF8931AC719CD00E42A2D /* Supporting Files */,
			);
			path = "IOS-Game";
			sourceTree = "<group>";
		};
		D1AAF8931AC719CD00E42A2D /* Supporting Files */ = {
			isa = PBXGroup;
			children = (
				D1AAF8941AC719CD00E42A2D /* IOS-Game-Info.plist */,
				D1AAF8951AC719CD00E42A2D /* InfoPlist.strings */,
				D1AAF8981AC719CD00E42A2D /* main.m */,
				D1AAF89A1AC719CD00E42A2D /* IOS-Game-Prefix.pch */,
			);
			name = "Supporting Files";
			sourceTree = "<group>";
		};
		D1AAF8B11AC719CE00E42A2D /* IOS-GameTests */ = {
			isa = PBXGroup;
			children = (
				D1AAF8B71AC719CE00E42A2D /* IOS_GameTests.m */,
				D1AAF8B21AC719CE00E42A2D /* Supporting Files */,
			);
			path = "IOS-GameTests";
			sourceTree = "<group>";
		};
		D1AAF8B21AC719CE00E42A2D /* Supporting Files */ = {
			isa = PBXGroup;
			children = (
				D1AAF8B31AC719CE00E42A2D /* IOS-GameTests-Info.plist */,
				D1AAF8B41AC719CE00E42A2D /* InfoPlist.strings */,
			);
			name = "Supporting Files";
			sourceTree = "<group>";
		};
		D1F5F94D1AD142BB00455DFF /* images */ = {
			isa = PBXGroup;
			children = (
				D1A411661ADD571D00EFA973 /* highscore.jpg */,
				D19EAEA81AD8F4F000365B9E /* Splash Screen */,
				D1A4114D1ADD505600EFA973 /* monster2.jpg */,
				D1A4114E1ADD505600EFA973 /* shalabi.jpg */,
				D1A411641ADD539300EFA973 /* ankbot.jpg */,
				D1A008AE1ADCA5B2001D0B07 /* app_logo58.png */,
				D1A008AF1ADCA5B2001D0B07 /* app_logo80.png */,
				D1A008B01ADCA5B2001D0B07 /* app_logo120.png */,
				D1A008A91ADC9F19001D0B07 /* btn_signout.png */,
				D1A008A41ADC9612001D0B07 /* toShare.png */,
				D1A0089A1ADC7D53001D0B07 /* green_ball.png */,
				D1A0089B1ADC7D53001D0B07 /* monster.png */,
				D1A008961ADC7902001D0B07 /* hole.png */,
				D1A008971ADC7902001D0B07 /* logo.png */,
				D19A90D51AD8284B001445BF /* soundOff.png */,
				D19A90D61AD8284B001445BF /* soundOn.png */,
				D19841521ADC690900F5C915 /* sync.png */,
				D19841541ADC6C5800F5C915 /* sync-06.png */,
				D19A90D31AD8283F001445BF /* home.png */,
				D19A90CE1AD809D3001445BF /* exit.png */,
				D19A90CC1AD80970001445BF /* exitRed.png */,
				D19A90CA1AD7F455001445BF /* back.png */,
				D19A903F1AD7EC9B001445BF /* user.png */,
				D1A2792D1AD698F20081E716 /* img1.png */,
				D1A2792E1AD698F20081E716 /* img2.png */,
				D1A11FA71AD5EB6F00D67DEF /* celebrate.png */,
				D19683811AD56AA8006A8D3D /* question.png */,
				D194EC571AD40ACB00DAE40A /* andl.jpg */,
				D194EC581AD40ACB00DAE40A /* boo.jpg */,
				D194EC591AD40ACB00DAE40A /* mared.png */,
				D194EC5B1AD40ACB00DAE40A /* roz.jpg */,
				D194EC5C1AD40ACB00DAE40A /* sali.jpg */,
				D19AA4F61AD1F57A008E67EE /* btn_register.png */,
				D19AA4F71AD1F57A008E67EE /* btn_save.png */,
				D19AA4DE1AD1E89B008E67EE /* bg_app.png */,
				D19AA4DF1AD1E89B008E67EE /* btn_facebook_share.png */,
				D19AA4E01AD1E89B008E67EE /* btn_facebook.png */,
				D19AA4E11AD1E89B008E67EE /* btn_leaderboard.png */,
				D19AA4E21AD1E89B008E67EE /* btn_play.png */,
				D19AA4E31AD1E89B008E67EE /* btn_settings.png */,
				D19AA4E41AD1E89B008E67EE /* btn_signin.png */,
				D19AA4E51AD1E89B008E67EE /* btn_signup.png */,
				D19AA4E61AD1E89B008E67EE /* cell_orange.png */,
				D19AA4E71AD1E89B008E67EE /* txtf_default.png */,
				D1F5F9411AD142B600455DFF /* img.jpg */,
				D1F5F9371AD142B600455DFF /* ahmed.jpg */,
				D1F5F9381AD142B600455DFF /* bg.png */,
				D1F5F9391AD142B600455DFF /* big.jpg */,
				D1F5F93A1AD142B600455DFF /* default.jpg */,
				D1F5F93B1AD142B600455DFF /* hala.jpg */,
				D1F5F93C1AD142B600455DFF /* highlightedBG.png */,
			);
			name = images;
			sourceTree = "<group>";
		};
/* End PBXGroup section */

/* Begin PBXNativeTarget section */
		D1AAF8881AC719CD00E42A2D /* IOS-Game */ = {
			isa = PBXNativeTarget;
			buildConfigurationList = D1AAF8BB1AC719CE00E42A2D /* Build configuration list for PBXNativeTarget "IOS-Game" */;
			buildPhases = (
				D1AAF8851AC719CD00E42A2D /* Sources */,
				D1AAF8861AC719CD00E42A2D /* Frameworks */,
				D1AAF8871AC719CD00E42A2D /* Resources */,
			);
			buildRules = (
			);
			dependencies = (
			);
			name = "IOS-Game";
			productName = "IOS-Game";
			productReference = D1AAF8891AC719CD00E42A2D /* Monster Cards.app */;
			productType = "com.apple.product-type.application";
		};
		D1AAF8A91AC719CE00E42A2D /* IOS-GameTests */ = {
			isa = PBXNativeTarget;
			buildConfigurationList = D1AAF8BE1AC719CE00E42A2D /* Build configuration list for PBXNativeTarget "IOS-GameTests" */;
			buildPhases = (
				D1AAF8A61AC719CE00E42A2D /* Sources */,
				D1AAF8A71AC719CE00E42A2D /* Frameworks */,
				D1AAF8A81AC719CE00E42A2D /* Resources */,
			);
			buildRules = (
			);
			dependencies = (
				D1AAF8B01AC719CE00E42A2D /* PBXTargetDependency */,
			);
			name = "IOS-GameTests";
			productName = "IOS-GameTests";
			productReference = D1AAF8AA1AC719CE00E42A2D /* IOS-GameTests.xctest */;
			productType = "com.apple.product-type.bundle.unit-test";
		};
/* End PBXNativeTarget section */

/* Begin PBXProject section */
		D1AAF8811AC719CD00E42A2D /* Project object */ = {
			isa = PBXProject;
			attributes = {
				CLASSPREFIX = M;
				LastUpgradeCheck = 0500;
				ORGANIZATIONNAME = Mad;
				TargetAttributes = {
					D1AAF8A91AC719CE00E42A2D = {
						TestTargetID = D1AAF8881AC719CD00E42A2D;
					};
				};
			};
			buildConfigurationList = D1AAF8841AC719CD00E42A2D /* Build configuration list for PBXProject "IOS-Game" */;
			compatibilityVersion = "Xcode 3.2";
			developmentRegion = English;
			hasScannedForEncodings = 0;
			knownRegions = (
				en,
				Base,
			);
			mainGroup = D1AAF8801AC719CD00E42A2D;
			productRefGroup = D1AAF88A1AC719CD00E42A2D /* Products */;
			projectDirPath = "";
			projectRoot = "";
			targets = (
				D1AAF8881AC719CD00E42A2D /* IOS-Game */,
				D1AAF8A91AC719CE00E42A2D /* IOS-GameTests */,
			);
		};
/* End PBXProject section */

/* Begin PBXResourcesBuildPhase section */
		D1AAF8871AC719CD00E42A2D /* Resources */ = {
			isa = PBXResourcesBuildPhase;
			buildActionMask = 2147483647;
			files = (
				D19AA4EA1AD1E89B008E67EE /* btn_facebook.png in Resources */,
				D19EAEEB1AD8F51C00365B9E /* splash-31.png in Resources */,
				D1961A061AD1DDC1007D2FDB /* sound2.wav in Resources */,
				D1964AC61AD594A00094DF5A /* ballonPopping.wav in Resources */,
				D1964AC71AD594A00094DF5A /* soundflip.wav in Resources */,
				D1A008AD1ADC9F19001D0B07 /* btn_signout.png in Resources */,
				D19EAEE21AD8F51C00365B9E /* splash-22.png in Resources */,
				D19EAEDB1AD8F51C00365B9E /* splash-15.png in Resources */,
				D1F5F9451AD142B600455DFF /* big.jpg in Resources */,
				D19EAECE1AD8F51C00365B9E /* splash-2.png in Resources */,
				D1961A071AD1DDC1007D2FDB /* sound3.wav in Resources */,
				D1F5F9441AD142B600455DFF /* bg.png in Resources */,
				D194EC5F1AD40ACB00DAE40A /* mared.png in Resources */,
				D19EAED01AD8F51C00365B9E /* splash-4.png in Resources */,
				D1A008B31ADCA5B2001D0B07 /* app_logo120.png in Resources */,
				D1F5F94C1AD142B600455DFF /* WinnersPList.plist in Resources */,
				D19AA4E91AD1E89B008E67EE /* btn_facebook_share.png in Resources */,
				D1F5F9461AD142B600455DFF /* default.jpg in Resources */,
				D19EAEE01AD8F51C00365B9E /* splash-20.png in Resources */,
				D19EAED41AD8F51C00365B9E /* splash-8.png in Resources */,
				D1A2792F1AD698F20081E716 /* img1.png in Resources */,
				D19AA4EF1AD1E89B008E67EE /* btn_signup.png in Resources */,
				D19EAED71AD8F51C00365B9E /* splash-11.png in Resources */,
				D19EAEE61AD8F51C00365B9E /* splash-26.png in Resources */,
				D19EAEED1AD8F51C00365B9E /* splash-33.png in Resources */,
				D19EAEE71AD8F51C00365B9E /* splash-27.png in Resources */,
				D19841551ADC6C5800F5C915 /* sync-06.png in Resources */,
				D19AA4F51AD1EBE4008E67EE /* img2.png in Resources */,
				D19EAEDC1AD8F51C00365B9E /* splash-16.png in Resources */,
				D1B400DC1AD8672000BD9C24 /* goodLuck.wav in Resources */,
				D19AA4F41AD1EBE4008E67EE /* img1.png in Resources */,
				D19AA4F91AD1F57A008E67EE /* btn_save.png in Resources */,
				D1A11FA81AD5EB6F00D67DEF /* celebrate.png in Resources */,
				D19EAEEC1AD8F51C00365B9E /* splash-32.png in Resources */,
				D194EC611AD40ACB00DAE40A /* roz.jpg in Resources */,
				D1961A081AD1DDC1007D2FDB /* flip.wav in Resources */,
				D19A90CB1AD7F455001445BF /* back.png in Resources */,
				D19EAEE91AD8F51C00365B9E /* splash-29.png in Resources */,
				D1AAF8A51AC719CD00E42A2D /* Images.xcassets in Resources */,
				D1A279301AD698F20081E716 /* img2.png in Resources */,
				D1AAF8971AC719CD00E42A2D /* InfoPlist.strings in Resources */,
				D1F5F94B1AD142B600455DFF /* img.jpg in Resources */,
				D19EAEDA1AD8F51C00365B9E /* splash-14.png in Resources */,
				D194EC5D1AD40ACB00DAE40A /* andl.jpg in Resources */,
				D19A90401AD7EC9B001445BF /* user.png in Resources */,
				D19683821AD56AA8006A8D3D /* question.png in Resources */,
				D19EAEEE1AD8F51C00365B9E /* splash-34.png in Resources */,
				D19EAEE11AD8F51C00365B9E /* splash-21.png in Resources */,
				D19EAEE41AD8F51C00365B9E /* splash-24.png in Resources */,
				D1A008991ADC7902001D0B07 /* logo.png in Resources */,
				D1A411511ADD505600EFA973 /* shalabi.jpg in Resources */,
				D19EAECF1AD8F51C00365B9E /* splash-3.png in Resources */,
				D1964ACA1AD594A00094DF5A /* victory.wav in Resources */,
				D1A0089C1ADC7D53001D0B07 /* green_ball.png in Resources */,
				D19EAED91AD8F51C00365B9E /* splash-13.png in Resources */,
				D19EAEEF1AD8F51C00365B9E /* splash-35.png in Resources */,
				D19AA4EC1AD1E89B008E67EE /* btn_play.png in Resources */,
				D19EAEDD1AD8F51C00365B9E /* splash-17.png in Resources */,
				D19EAEE81AD8F51C00365B9E /* splash-28.png in Resources */,
				D19A90D41AD8283F001445BF /* home.png in Resources */,
				D1A008A01ADC8F5D001D0B07 /* headFall.wav in Resources */,
				D19AA4E81AD1E89B008E67EE /* bg_app.png in Resources */,
				D1F5F9481AD142B600455DFF /* highlightedBG.png in Resources */,
				D19841531ADC690900F5C915 /* sync.png in Resources */,
				D1F5F9471AD142B600455DFF /* hala.jpg in Resources */,
				D19AA4ED1AD1E89B008E67EE /* btn_settings.png in Resources */,
				D1A411651ADD539300EFA973 /* ankbot.jpg in Resources */,
				D1A008A31ADC91A5001D0B07 /* appear.wav in Resources */,
				D19AA4F11AD1E89B008E67EE /* txtf_default.png in Resources */,
				D19A90D71AD8284B001445BF /* soundOff.png in Resources */,
				D19AA4EB1AD1E89B008E67EE /* btn_leaderboard.png in Resources */,
				D19EAEF01AD8F51C00365B9E /* splash-36.png in Resources */,
				D1A008A51ADC9612001D0B07 /* toShare.png in Resources */,
				D1A008B11ADCA5B2001D0B07 /* app_logo58.png in Resources */,
				D19AA4EE1AD1E89B008E67EE /* btn_signin.png in Resources */,
				D19AA4F81AD1F57A008E67EE /* btn_register.png in Resources */,
				D1AAF8A01AC719CD00E42A2D /* Main.storyboard in Resources */,
				D19EAEEA1AD8F51C00365B9E /* splash-30.png in Resources */,
				D12E20FC1ADBE6730015D980 /* hardLuck.wav in Resources */,
				D19A90D81AD8284B001445BF /* soundOn.png in Resources */,
				D12E20FB1ADBE6730015D980 /* goodLuck2.wav in Resources */,
				D1A008981ADC7902001D0B07 /* hole.png in Resources */,
				D19EAED31AD8F51C00365B9E /* splash-7.png in Resources */,
				D1A008B21ADCA5B2001D0B07 /* app_logo80.png in Resources */,
				D19EAED21AD8F51C00365B9E /* splash-6.png in Resources */,
				D19A90CF1AD809D3001445BF /* exit.png in Resources */,
				D19EAED61AD8F51C00365B9E /* splash-10.png in Resources */,
				D1A411501ADD505600EFA973 /* monster2.jpg in Resources */,
				D19A90CD1AD80970001445BF /* exitRed.png in Resources */,
				D1964AC91AD594A00094DF5A /* shotGun.wav in Resources */,
				D194EC5E1AD40ACB00DAE40A /* boo.jpg in Resources */,
				D194EC621AD40ACB00DAE40A /* sali.jpg in Resources */,
				D19EAEE51AD8F51C00365B9E /* splash-25.png in Resources */,
				D1A0089D1ADC7D53001D0B07 /* monster.png in Resources */,
				D1961A051AD1DDC1007D2FDB /* sound1.wav in Resources */,
				D1A008A11ADC8F5D001D0B07 /* jumb.wav in Resources */,
				D1A411671ADD571D00EFA973 /* highscore.jpg in Resources */,
				D19EAEDE1AD8F51C00365B9E /* splash-18.png in Resources */,
				D19EAECD1AD8F51C00365B9E /* splash-1.png in Resources */,
				D1F5F9431AD142B600455DFF /* ahmed.jpg in Resources */,
				D19EAEE31AD8F51C00365B9E /* splash-23.png in Resources */,
				D19EAED51AD8F51C00365B9E /* splash-9.png in Resources */,
				D19EAED81AD8F51C00365B9E /* splash-12.png in Resources */,
				D19AA4F01AD1E89B008E67EE /* cell_orange.png in Resources */,
				D12E20FA1ADBE6730015D980 /* flip1.wav in Resources */,
				D19EAEDF1AD8F51C00365B9E /* splash-19.png in Resources */,
				D19EAED11AD8F51C00365B9E /* splash-5.png in Resources */,
			);
			runOnlyForDeploymentPostprocessing = 0;
		};
		D1AAF8A81AC719CE00E42A2D /* Resources */ = {
			isa = PBXResourcesBuildPhase;
			buildActionMask = 2147483647;
			files = (
				D1AAF8B61AC719CE00E42A2D /* InfoPlist.strings in Resources */,
			);
			runOnlyForDeploymentPostprocessing = 0;
		};
/* End PBXResourcesBuildPhase section */

/* Begin PBXSourcesBuildPhase section */
		D1AAF8851AC719CD00E42A2D /* Sources */ = {
			isa = PBXSourcesBuildPhase;
			buildActionMask = 2147483647;
			files = (
				D1AAF89D1AC719CD00E42A2D /* MAppDelegate.m in Sources */,
				D19A90D21AD81183001445BF /* WinnersViewController.m in Sources */,
				D1A882B51AC9B4E0009C435D /* MProfileViewController.m in Sources */,
				D1A882AF1AC98AB6009C435D /* MHomeViewController.m in Sources */,
				D1AAF8991AC719CD00E42A2D /* main.m in Sources */,
				D1AAF8A31AC719CD00E42A2D /* MViewController.m in Sources */,
				D19250091ACB5D7000392035 /* GameScreenViewController.m in Sources */,
				D1A882B21AC993D5009C435D /* MGameScreenViewController.m in Sources */,
				D1A882B81AC9B6CC009C435D /* MLeaderBoardViewController.m in Sources */,
				D19B8D841ADA792900A17D6D /* MHttpConnection.m in Sources */,
				D1A4E43E1AC871C50016389F /* MSplashScreenViewController.m in Sources */,
				D1F5F94A1AD142B600455DFF /* HWinner.m in Sources */,
				D1A882A91AC960C3009C435D /* MLoginViewController.m in Sources */,
				D1A882AC1AC963FE009C435D /* MRegisterViewController.m in Sources */,
				D1F5F9491AD142B600455DFF /* HReachability.m in Sources */,
				D194EC561AD404C400DAE40A /* MSocialShareUtility.m in Sources */,
			);
			runOnlyForDeploymentPostprocessing = 0;
		};
		D1AAF8A61AC719CE00E42A2D /* Sources */ = {
			isa = PBXSourcesBuildPhase;
			buildActionMask = 2147483647;
			files = (
				D1AAF8B81AC719CE00E42A2D /* IOS_GameTests.m in Sources */,
			);
			runOnlyForDeploymentPostprocessing = 0;
		};
/* End PBXSourcesBuildPhase section */

/* Begin PBXTargetDependency section */
		D1AAF8B01AC719CE00E42A2D /* PBXTargetDependency */ = {
			isa = PBXTargetDependency;
			target = D1AAF8881AC719CD00E42A2D /* IOS-Game */;
			targetProxy = D1AAF8AF1AC719CE00E42A2D /* PBXContainerItemProxy */;
		};
/* End PBXTargetDependency section */

/* Begin PBXVariantGroup section */
		D1AAF8951AC719CD00E42A2D /* InfoPlist.strings */ = {
			isa = PBXVariantGroup;
			children = (
				D1AAF8961AC719CD00E42A2D /* en */,
			);
			name = InfoPlist.strings;
			sourceTree = "<group>";
		};
		D1AAF89E1AC719CD00E42A2D /* Main.storyboard */ = {
			isa = PBXVariantGroup;
			children = (
				D1AAF89F1AC719CD00E42A2D /* Base */,
			);
			name = Main.storyboard;
			sourceTree = "<group>";
		};
		D1AAF8B41AC719CE00E42A2D /* InfoPlist.strings */ = {
			isa = PBXVariantGroup;
			children = (
				D1AAF8B51AC719CE00E42A2D /* en */,
			);
			name = InfoPlist.strings;
			sourceTree = "<group>";
		};
/* End PBXVariantGroup section */

/* Begin XCBuildConfiguration section */
		D1AAF8B91AC719CE00E42A2D /* Debug */ = {
			isa = XCBuildConfiguration;
			buildSettings = {
				ALWAYS_SEARCH_USER_PATHS = NO;
				ARCHS = "$(ARCHS_STANDARD_INCLUDING_64_BIT)";
				CLANG_CXX_LANGUAGE_STANDARD = "gnu++0x";
				CLANG_CXX_LIBRARY = "libc++";
				CLANG_ENABLE_MODULES = YES;
				CLANG_ENABLE_OBJC_ARC = YES;
				CLANG_WARN_BOOL_CONVERSION = YES;
				CLANG_WARN_CONSTANT_CONVERSION = YES;
				CLANG_WARN_DIRECT_OBJC_ISA_USAGE = YES_ERROR;
				CLANG_WARN_EMPTY_BODY = YES;
				CLANG_WARN_ENUM_CONVERSION = YES;
				CLANG_WARN_INT_CONVERSION = YES;
				CLANG_WARN_OBJC_ROOT_CLASS = YES_ERROR;
				CLANG_WARN__DUPLICATE_METHOD_MATCH = YES;
				"CODE_SIGN_IDENTITY[sdk=iphoneos*]" = "iPhone Developer";
				COPY_PHASE_STRIP = NO;
				GCC_C_LANGUAGE_STANDARD = gnu99;
				GCC_DYNAMIC_NO_PIC = NO;
				GCC_OPTIMIZATION_LEVEL = 0;
				GCC_PREPROCESSOR_DEFINITIONS = (
					"DEBUG=1",
					"$(inherited)",
				);
				GCC_SYMBOLS_PRIVATE_EXTERN = NO;
				GCC_WARN_64_TO_32_BIT_CONVERSION = YES;
				GCC_WARN_ABOUT_RETURN_TYPE = YES_ERROR;
				GCC_WARN_UNDECLARED_SELECTOR = YES;
				GCC_WARN_UNINITIALIZED_AUTOS = YES;
				GCC_WARN_UNUSED_FUNCTION = YES;
				GCC_WARN_UNUSED_VARIABLE = YES;
				IPHONEOS_DEPLOYMENT_TARGET = 7.0;
				ONLY_ACTIVE_ARCH = YES;
				SDKROOT = iphoneos;
			};
			name = Debug;
		};
		D1AAF8BA1AC719CE00E42A2D /* Release */ = {
			isa = XCBuildConfiguration;
			buildSettings = {
				ALWAYS_SEARCH_USER_PATHS = NO;
				ARCHS = "$(ARCHS_STANDARD_INCLUDING_64_BIT)";
				CLANG_CXX_LANGUAGE_STANDARD = "gnu++0x";
				CLANG_CXX_LIBRARY = "libc++";
				CLANG_ENABLE_MODULES = YES;
				CLANG_ENABLE_OBJC_ARC = YES;
				CLANG_WARN_BOOL_CONVERSION = YES;
				CLANG_WARN_CONSTANT_CONVERSION = YES;
				CLANG_WARN_DIRECT_OBJC_ISA_USAGE = YES_ERROR;
				CLANG_WARN_EMPTY_BODY = YES;
				CLANG_WARN_ENUM_CONVERSION = YES;
				CLANG_WARN_INT_CONVERSION = YES;
				CLANG_WARN_OBJC_ROOT_CLASS = YES_ERROR;
				CLANG_WARN__DUPLICATE_METHOD_MATCH = YES;
				"CODE_SIGN_IDENTITY[sdk=iphoneos*]" = "iPhone Developer";
				COPY_PHASE_STRIP = YES;
				ENABLE_NS_ASSERTIONS = NO;
				GCC_C_LANGUAGE_STANDARD = gnu99;
				GCC_WARN_64_TO_32_BIT_CONVERSION = YES;
				GCC_WARN_ABOUT_RETURN_TYPE = YES_ERROR;
				GCC_WARN_UNDECLARED_SELECTOR = YES;
				GCC_WARN_UNINITIALIZED_AUTOS = YES;
				GCC_WARN_UNUSED_FUNCTION = YES;
				GCC_WARN_UNUSED_VARIABLE = YES;
				IPHONEOS_DEPLOYMENT_TARGET = 7.0;
				SDKROOT = iphoneos;
				VALIDATE_PRODUCT = YES;
			};
			name = Release;
		};
		D1AAF8BC1AC719CE00E42A2D /* Debug */ = {
			isa = XCBuildConfiguration;
			buildSettings = {
				ASSETCATALOG_COMPILER_APPICON_NAME = AppIcon;
				ASSETCATALOG_COMPILER_LAUNCHIMAGE_NAME = LaunchImage;
				GCC_PRECOMPILE_PREFIX_HEADER = YES;
				GCC_PREFIX_HEADER = "IOS-Game/IOS-Game-Prefix.pch";
				INFOPLIST_FILE = "IOS-Game/IOS-Game-Info.plist";
				PRODUCT_NAME = "Monster Cards";
				WRAPPER_EXTENSION = app;
			};
			name = Debug;
		};
		D1AAF8BD1AC719CE00E42A2D /* Release */ = {
			isa = XCBuildConfiguration;
			buildSettings = {
				ASSETCATALOG_COMPILER_APPICON_NAME = AppIcon;
				ASSETCATALOG_COMPILER_LAUNCHIMAGE_NAME = LaunchImage;
				GCC_PRECOMPILE_PREFIX_HEADER = YES;
				GCC_PREFIX_HEADER = "IOS-Game/IOS-Game-Prefix.pch";
				INFOPLIST_FILE = "IOS-Game/IOS-Game-Info.plist";
				PRODUCT_NAME = "Monster Cards";
				WRAPPER_EXTENSION = app;
			};
			name = Release;
		};
		D1AAF8BF1AC719CE00E42A2D /* Debug */ = {
			isa = XCBuildConfiguration;
			buildSettings = {
				ARCHS = "$(ARCHS_STANDARD_INCLUDING_64_BIT)";
				BUNDLE_LOADER = "$(BUILT_PRODUCTS_DIR)/IOS-Game.app/IOS-Game";
				FRAMEWORK_SEARCH_PATHS = (
					"$(SDKROOT)/Developer/Library/Frameworks",
					"$(inherited)",
					"$(DEVELOPER_FRAMEWORKS_DIR)",
				);
				GCC_PRECOMPILE_PREFIX_HEADER = YES;
				GCC_PREFIX_HEADER = "IOS-Game/IOS-Game-Prefix.pch";
				GCC_PREPROCESSOR_DEFINITIONS = (
					"DEBUG=1",
					"$(inherited)",
				);
				INFOPLIST_FILE = "IOS-GameTests/IOS-GameTests-Info.plist";
				PRODUCT_NAME = "$(TARGET_NAME)";
				TEST_HOST = "$(BUNDLE_LOADER)";
				WRAPPER_EXTENSION = xctest;
			};
			name = Debug;
		};
		D1AAF8C01AC719CE00E42A2D /* Release */ = {
			isa = XCBuildConfiguration;
			buildSettings = {
				ARCHS = "$(ARCHS_STANDARD_INCLUDING_64_BIT)";
				BUNDLE_LOADER = "$(BUILT_PRODUCTS_DIR)/IOS-Game.app/IOS-Game";
				FRAMEWORK_SEARCH_PATHS = (
					"$(SDKROOT)/Developer/Library/Frameworks",
					"$(inherited)",
					"$(DEVELOPER_FRAMEWORKS_DIR)",
				);
				GCC_PRECOMPILE_PREFIX_HEADER = YES;
				GCC_PREFIX_HEADER = "IOS-Game/IOS-Game-Prefix.pch";
				INFOPLIST_FILE = "IOS-GameTests/IOS-GameTests-Info.plist";
				PRODUCT_NAME = "$(TARGET_NAME)";
				TEST_HOST = "$(BUNDLE_LOADER)";
				WRAPPER_EXTENSION = xctest;
			};
			name = Release;
		};
/* End XCBuildConfiguration section */

/* Begin XCConfigurationList section */
		D1AAF8841AC719CD00E42A2D /* Build configuration list for PBXProject "IOS-Game" */ = {
			isa = XCConfigurationList;
			buildConfigurations = (
				D1AAF8B91AC719CE00E42A2D /* Debug */,
				D1AAF8BA1AC719CE00E42A2D /* Release */,
			);
			defaultConfigurationIsVisible = 0;
			defaultConfigurationName = Release;
		};
		D1AAF8BB1AC719CE00E42A2D /* Build configuration list for PBXNativeTarget "IOS-Game" */ = {
			isa = XCConfigurationList;
			buildConfigurations = (
				D1AAF8BC1AC719CE00E42A2D /* Debug */,
				D1AAF8BD1AC719CE00E42A2D /* Release */,
			);
			defaultConfigurationIsVisible = 0;
			defaultConfigurationName = Release;
		};
		D1AAF8BE1AC719CE00E42A2D /* Build configuration list for PBXNativeTarget "IOS-GameTests" */ = {
			isa = XCConfigurationList;
			buildConfigurations = (
				D1AAF8BF1AC719CE00E42A2D /* Debug */,
				D1AAF8C01AC719CE00E42A2D /* Release */,
			);
			defaultConfigurationIsVisible = 0;
			defaultConfigurationName = Release;
		};
/* End XCConfigurationList section */
	};
	rootObject = D1AAF8811AC719CD00E42A2D /* Project object */;
}
