// !$*UTF8*$!
{
	archiveVersion = 1;
	classes = {
	};
	objectVersion = 46;
	objects = {

/* Begin PBXBuildFile section */
		D195B4AA1ACEE21400A68E85 /* MSocialShareUtility.m in Sources */ = {isa = PBXBuildFile; fileRef = D195B4A91ACEE21400A68E85 /* MSocialShareUtility.m */; };
		D195B4AC1ACEE23D00A68E85 /* Social.framework in Frameworks */ = {isa = PBXBuildFile; fileRef = D195B4AB1ACEE23D00A68E85 /* Social.framework */; };
		D195B4AE1ACEE24400A68E85 /* Accounts.framework in Frameworks */ = {isa = PBXBuildFile; fileRef = D195B4AD1ACEE24400A68E85 /* Accounts.framework */; };
		D1A4E43E1AC871C50016389F /* MSplashScreenViewController.m in Sources */ = {isa = PBXBuildFile; fileRef = D1A4E43D1AC871C50016389F /* MSplashScreenViewController.m */; };
		D1A882A91AC960C3009C435D /* MLoginViewController.m in Sources */ = {isa = PBXBuildFile; fileRef = D1A882A81AC960C3009C435D /* MLoginViewController.m */; };
		D1A882AC1AC963FE009C435D /* MRegisterViewController.m in Sources */ = {isa = PBXBuildFile; fileRef = D1A882AB1AC963FE009C435D /* MRegisterViewController.m */; };
		D1A882AF1AC98AB6009C435D /* MHomeViewController.m in Sources */ = {isa = PBXBuildFile; fileRef = D1A882AE1AC98AB6009C435D /* MHomeViewController.m */; };
		D1A882B21AC993D5009C435D /* MGameScreenViewController.m in Sources */ = {isa = PBXBuildFile; fileRef = D1A882B11AC993D5009C435D /* MGameScreenViewController.m */; };
		D1A882B51AC9B4E0009C435D /* MProfileViewController.m in Sources */ = {isa = PBXBuildFile; fileRef = D1A882B41AC9B4E0009C435D /* MProfileViewController.m */; };
		D1A882B81AC9B6CC009C435D /* MLeaderBoardViewController.m in Sources */ = {isa = PBXBuildFile; fileRef = D1A882B71AC9B6CC009C435D /* MLeaderBoardViewController.m */; };
		D1AAF88D1AC719CD00E42A2D /* Foundation.framework in Frameworks */ = {isa = PBXBuildFile; fileRef = D1AAF88C1AC719CD00E42A2D /* Foundation.framework */; };
		D1AAF88F1AC719CD00E42A2D /* CoreGraphics.framework in Frameworks */ = {isa = PBXBuildFile; fileRef = D1AAF88E1AC719CD00E42A2D /* CoreGraphics.framework */; };
		D1AAF8911AC719CD00E42A2D /* UIKit.framework in Frameworks */ = {isa = PBXBuildFile; fileRef = D1AAF8901AC719CD00E42A2D /* UIKit.framework */; };
		D1AAF8971AC719CD00E42A2D /* InfoPlist.strings in Resources */ = {isa = PBXBuildFile; fileRef = D1AAF8951AC719CD00E42A2D /* InfoPlist.strings */; };
		D1AAF8991AC719CD00E42A2D /* main.m in Sources */ = {isa = PBXBuildFile; fileRef = D1AAF8981AC719CD00E42A2D /* main.m */; };
		D1AAF89D1AC719CD00E42A2D /* MAppDelegate.m in Sources */ = {isa = PBXBuildFile; fileRef = D1AAF89C1AC719CD00E42A2D /* MAppDelegate.m */; };
		D1AAF8A01AC719CD00E42A2D /* Main.storyboard in Resources */ = {isa = PBXBuildFile; fileRef = D1AAF89E1AC719CD00E42A2D /* Main.storyboard */; };
		D1AAF8A31AC719CD00E42A2D /* MViewController.m in Sources */ = {isa = PBXBuildFile; fileRef = D1AAF8A21AC719CD00E42A2D /* MViewController.m */; };
		D1AAF8A51AC719CD00E42A2D /* Images.xcassets in Resources */ = {isa = PBXBuildFile; fileRef = D1AAF8A41AC719CD00E42A2D /* Images.xcassets */; };
		D1AAF8AC1AC719CE00E42A2D /* XCTest.framework in Frameworks */ = {isa = PBXBuildFile; fileRef = D1AAF8AB1AC719CE00E42A2D /* XCTest.framework */; };
		D1AAF8AD1AC719CE00E42A2D /* Foundation.framework in Frameworks */ = {isa = PBXBuildFile; fileRef = D1AAF88C1AC719CD00E42A2D /* Foundation.framework */; };
		D1AAF8AE1AC719CE00E42A2D /* UIKit.framework in Frameworks */ = {isa = PBXBuildFile; fileRef = D1AAF8901AC719CD00E42A2D /* UIKit.framework */; };
		D1AAF8B61AC719CE00E42A2D /* InfoPlist.strings in Resources */ = {isa = PBXBuildFile; fileRef = D1AAF8B41AC719CE00E42A2D /* InfoPlist.strings */; };
		D1AAF8B81AC719CE00E42A2D /* IOS_GameTests.m in Sources */ = {isa = PBXBuildFile; fileRef = D1AAF8B71AC719CE00E42A2D /* IOS_GameTests.m */; };
		D1F5F9431AD142B600455DFF /* ahmed.jpg in Resources */ = {isa = PBXBuildFile; fileRef = D1F5F9371AD142B600455DFF /* ahmed.jpg */; };
		D1F5F9441AD142B600455DFF /* bg.png in Resources */ = {isa = PBXBuildFile; fileRef = D1F5F9381AD142B600455DFF /* bg.png */; };
		D1F5F9451AD142B600455DFF /* big.jpg in Resources */ = {isa = PBXBuildFile; fileRef = D1F5F9391AD142B600455DFF /* big.jpg */; };
		D1F5F9461AD142B600455DFF /* default.jpg in Resources */ = {isa = PBXBuildFile; fileRef = D1F5F93A1AD142B600455DFF /* default.jpg */; };
		D1F5F9471AD142B600455DFF /* hala.jpg in Resources */ = {isa = PBXBuildFile; fileRef = D1F5F93B1AD142B600455DFF /* hala.jpg */; };
		D1F5F9481AD142B600455DFF /* highlightedBG.png in Resources */ = {isa = PBXBuildFile; fileRef = D1F5F93C1AD142B600455DFF /* highlightedBG.png */; };
		D1F5F9491AD142B600455DFF /* HReachability.m in Sources */ = {isa = PBXBuildFile; fileRef = D1F5F93E1AD142B600455DFF /* HReachability.m */; };
		D1F5F94A1AD142B600455DFF /* HWinner.m in Sources */ = {isa = PBXBuildFile; fileRef = D1F5F9401AD142B600455DFF /* HWinner.m */; };
		D1F5F94B1AD142B600455DFF /* img.jpg in Resources */ = {isa = PBXBuildFile; fileRef = D1F5F9411AD142B600455DFF /* img.jpg */; };
		D1F5F94C1AD142B600455DFF /* WinnersPList.plist in Resources */ = {isa = PBXBuildFile; fileRef = D1F5F9421AD142B600455DFF /* WinnersPList.plist */; };
/* End PBXBuildFile section */

/* Begin PBXContainerItemProxy section */
		D1AAF8AF1AC719CE00E42A2D /* PBXContainerItemProxy */ = {
			isa = PBXContainerItemProxy;
			containerPortal = D1AAF8811AC719CD00E42A2D /* Project object */;
			proxyType = 1;
			remoteGlobalIDString = D1AAF8881AC719CD00E42A2D;
			remoteInfo = "IOS-Game";
		};
/* End PBXContainerItemProxy section */

/* Begin PBXFileReference section */
		D195B4A81ACEE21400A68E85 /* MSocialShareUtility.h */ = {isa = PBXFileReference; fileEncoding = 4; lastKnownFileType = sourcecode.c.h; path = MSocialShareUtility.h; sourceTree = "<group>"; };
		D195B4A91ACEE21400A68E85 /* MSocialShareUtility.m */ = {isa = PBXFileReference; fileEncoding = 4; lastKnownFileType = sourcecode.c.objc; path = MSocialShareUtility.m; sourceTree = "<group>"; };
		D195B4AB1ACEE23D00A68E85 /* Social.framework */ = {isa = PBXFileReference; lastKnownFileType = wrapper.framework; name = Social.framework; path = System/Library/Frameworks/Social.framework; sourceTree = SDKROOT; };
		D195B4AD1ACEE24400A68E85 /* Accounts.framework */ = {isa = PBXFileReference; lastKnownFileType = wrapper.framework; name = Accounts.framework; path = System/Library/Frameworks/Accounts.framework; sourceTree = SDKROOT; };
		D1A4E43C1AC871C50016389F /* MSplashScreenViewController.h */ = {isa = PBXFileReference; fileEncoding = 4; lastKnownFileType = sourcecode.c.h; path = MSplashScreenViewController.h; sourceTree = "<group>"; };
		D1A4E43D1AC871C50016389F /* MSplashScreenViewController.m */ = {isa = PBXFileReference; fileEncoding = 4; lastKnownFileType = sourcecode.c.objc; path = MSplashScreenViewController.m; sourceTree = "<group>"; };
		D1A882A71AC960C3009C435D /* MLoginViewController.h */ = {isa = PBXFileReference; fileEncoding = 4; lastKnownFileType = sourcecode.c.h; path = MLoginViewController.h; sourceTree = "<group>"; };
		D1A882A81AC960C3009C435D /* MLoginViewController.m */ = {isa = PBXFileReference; fileEncoding = 4; lastKnownFileType = sourcecode.c.objc; path = MLoginViewController.m; sourceTree = "<group>"; };
		D1A882AA1AC963FE009C435D /* MRegisterViewController.h */ = {isa = PBXFileReference; fileEncoding = 4; lastKnownFileType = sourcecode.c.h; path = MRegisterViewController.h; sourceTree = "<group>"; };
		D1A882AB1AC963FE009C435D /* MRegisterViewController.m */ = {isa = PBXFileReference; fileEncoding = 4; lastKnownFileType = sourcecode.c.objc; path = MRegisterViewController.m; sourceTree = "<group>"; };
		D1A882AD1AC98AB6009C435D /* MHomeViewController.h */ = {isa = PBXFileReference; fileEncoding = 4; lastKnownFileType = sourcecode.c.h; path = MHomeViewController.h; sourceTree = "<group>"; };
		D1A882AE1AC98AB6009C435D /* MHomeViewController.m */ = {isa = PBXFileReference; fileEncoding = 4; lastKnownFileType = sourcecode.c.objc; path = MHomeViewController.m; sourceTree = "<group>"; };
		D1A882B01AC993D5009C435D /* MGameScreenViewController.h */ = {isa = PBXFileReference; fileEncoding = 4; lastKnownFileType = sourcecode.c.h; path = MGameScreenViewController.h; sourceTree = "<group>"; };
		D1A882B11AC993D5009C435D /* MGameScreenViewController.m */ = {isa = PBXFileReference; fileEncoding = 4; lastKnownFileType = sourcecode.c.objc; path = MGameScreenViewController.m; sourceTree = "<group>"; };
		D1A882B31AC9B4E0009C435D /* MProfileViewController.h */ = {isa = PBXFileReference; fileEncoding = 4; lastKnownFileType = sourcecode.c.h; path = MProfileViewController.h; sourceTree = "<group>"; };
		D1A882B41AC9B4E0009C435D /* MProfileViewController.m */ = {isa = PBXFileReference; fileEncoding = 4; lastKnownFileType = sourcecode.c.objc; path = MProfileViewController.m; sourceTree = "<group>"; };
		D1A882B61AC9B6CC009C435D /* MLeaderBoardViewController.h */ = {isa = PBXFileReference; fileEncoding = 4; lastKnownFileType = sourcecode.c.h; path = MLeaderBoardViewController.h; sourceTree = "<group>"; };
		D1A882B71AC9B6CC009C435D /* MLeaderBoardViewController.m */ = {isa = PBXFileReference; fileEncoding = 4; lastKnownFileType = sourcecode.c.objc; path = MLeaderBoardViewController.m; sourceTree = "<group>"; };
		D1AAF8891AC719CD00E42A2D /* IOS-Game.app */ = {isa = PBXFileReference; explicitFileType = wrapper.application; includeInIndex = 0; path = "IOS-Game.app"; sourceTree = BUILT_PRODUCTS_DIR; };
		D1AAF88C1AC719CD00E42A2D /* Foundation.framework */ = {isa = PBXFileReference; lastKnownFileType = wrapper.framework; name = Foundation.framework; path = System/Library/Frameworks/Foundation.framework; sourceTree = SDKROOT; };
		D1AAF88E1AC719CD00E42A2D /* CoreGraphics.framework */ = {isa = PBXFileReference; lastKnownFileType = wrapper.framework; name = CoreGraphics.framework; path = System/Library/Frameworks/CoreGraphics.framework; sourceTree = SDKROOT; };
		D1AAF8901AC719CD00E42A2D /* UIKit.framework */ = {isa = PBXFileReference; lastKnownFileType = wrapper.framework; name = UIKit.framework; path = System/Library/Frameworks/UIKit.framework; sourceTree = SDKROOT; };
		D1AAF8941AC719CD00E42A2D /* IOS-Game-Info.plist */ = {isa = PBXFileReference; lastKnownFileType = text.plist.xml; path = "IOS-Game-Info.plist"; sourceTree = "<group>"; };
		D1AAF8961AC719CD00E42A2D /* en */ = {isa = PBXFileReference; lastKnownFileType = text.plist.strings; name = en; path = en.lproj/InfoPlist.strings; sourceTree = "<group>"; };
		D1AAF8981AC719CD00E42A2D /* main.m */ = {isa = PBXFileReference; lastKnownFileType = sourcecode.c.objc; path = main.m; sourceTree = "<group>"; };
		D1AAF89A1AC719CD00E42A2D /* IOS-Game-Prefix.pch */ = {isa = PBXFileReference; lastKnownFileType = sourcecode.c.h; path = "IOS-Game-Prefix.pch"; sourceTree = "<group>"; };
		D1AAF89B1AC719CD00E42A2D /* MAppDelegate.h */ = {isa = PBXFileReference; lastKnownFileType = sourcecode.c.h; path = MAppDelegate.h; sourceTree = "<group>"; };
		D1AAF89C1AC719CD00E42A2D /* MAppDelegate.m */ = {isa = PBXFileReference; lastKnownFileType = sourcecode.c.objc; path = MAppDelegate.m; sourceTree = "<group>"; };
		D1AAF89F1AC719CD00E42A2D /* Base */ = {isa = PBXFileReference; lastKnownFileType = file.storyboard; name = Base; path = Base.lproj/Main.storyboard; sourceTree = "<group>"; };
		D1AAF8A11AC719CD00E42A2D /* MViewController.h */ = {isa = PBXFileReference; lastKnownFileType = sourcecode.c.h; path = MViewController.h; sourceTree = "<group>"; };
		D1AAF8A21AC719CD00E42A2D /* MViewController.m */ = {isa = PBXFileReference; lastKnownFileType = sourcecode.c.objc; path = MViewController.m; sourceTree = "<group>"; };
		D1AAF8A41AC719CD00E42A2D /* Images.xcassets */ = {isa = PBXFileReference; lastKnownFileType = folder.assetcatalog; path = Images.xcassets; sourceTree = "<group>"; };
		D1AAF8AA1AC719CE00E42A2D /* IOS-GameTests.xctest */ = {isa = PBXFileReference; explicitFileType = wrapper.cfbundle; includeInIndex = 0; path = "IOS-GameTests.xctest"; sourceTree = BUILT_PRODUCTS_DIR; };
		D1AAF8AB1AC719CE00E42A2D /* XCTest.framework */ = {isa = PBXFileReference; lastKnownFileType = wrapper.framework; name = XCTest.framework; path = Library/Frameworks/XCTest.framework; sourceTree = DEVELOPER_DIR; };
		D1AAF8B31AC719CE00E42A2D /* IOS-GameTests-Info.plist */ = {isa = PBXFileReference; lastKnownFileType = text.plist.xml; path = "IOS-GameTests-Info.plist"; sourceTree = "<group>"; };
		D1AAF8B51AC719CE00E42A2D /* en */ = {isa = PBXFileReference; lastKnownFileType = text.plist.strings; name = en; path = en.lproj/InfoPlist.strings; sourceTree = "<group>"; };
		D1AAF8B71AC719CE00E42A2D /* IOS_GameTests.m */ = {isa = PBXFileReference; lastKnownFileType = sourcecode.c.objc; path = IOS_GameTests.m; sourceTree = "<group>"; };
		D1F5F9371AD142B600455DFF /* ahmed.jpg */ = {isa = PBXFileReference; lastKnownFileType = image.jpeg; path = ahmed.jpg; sourceTree = "<group>"; };
		D1F5F9381AD142B600455DFF /* bg.png */ = {isa = PBXFileReference; lastKnownFileType = image.png; path = bg.png; sourceTree = "<group>"; };
		D1F5F9391AD142B600455DFF /* big.jpg */ = {isa = PBXFileReference; lastKnownFileType = image.jpeg; path = big.jpg; sourceTree = "<group>"; };
		D1F5F93A1AD142B600455DFF /* default.jpg */ = {isa = PBXFileReference; lastKnownFileType = image.jpeg; path = default.jpg; sourceTree = "<group>"; };
		D1F5F93B1AD142B600455DFF /* hala.jpg */ = {isa = PBXFileReference; lastKnownFileType = image.jpeg; path = hala.jpg; sourceTree = "<group>"; };
		D1F5F93C1AD142B600455DFF /* highlightedBG.png */ = {isa = PBXFileReference; lastKnownFileType = image.png; path = highlightedBG.png; sourceTree = "<group>"; };
		D1F5F93D1AD142B600455DFF /* HReachability.h */ = {isa = PBXFileReference; fileEncoding = 4; lastKnownFileType = sourcecode.c.h; path = HReachability.h; sourceTree = "<group>"; };
		D1F5F93E1AD142B600455DFF /* HReachability.m */ = {isa = PBXFileReference; fileEncoding = 4; lastKnownFileType = sourcecode.c.objc; path = HReachability.m; sourceTree = "<group>"; };
		D1F5F93F1AD142B600455DFF /* HWinner.h */ = {isa = PBXFileReference; fileEncoding = 4; lastKnownFileType = sourcecode.c.h; path = HWinner.h; sourceTree = "<group>"; };
		D1F5F9401AD142B600455DFF /* HWinner.m */ = {isa = PBXFileReference; fileEncoding = 4; lastKnownFileType = sourcecode.c.objc; path = HWinner.m; sourceTree = "<group>"; };
		D1F5F9411AD142B600455DFF /* img.jpg */ = {isa = PBXFileReference; lastKnownFileType = image.jpeg; path = img.jpg; sourceTree = "<group>"; };
		D1F5F9421AD142B600455DFF /* WinnersPList.plist */ = {isa = PBXFileReference; fileEncoding = 4; lastKnownFileType = text.plist.xml; path = WinnersPList.plist; sourceTree = "<group>"; };
/* End PBXFileReference section */

/* Begin PBXFrameworksBuildPhase section */
		D1AAF8861AC719CD00E42A2D /* Frameworks */ = {
			isa = PBXFrameworksBuildPhase;
			buildActionMask = 2147483647;
			files = (
				D195B4AE1ACEE24400A68E85 /* Accounts.framework in Frameworks */,
				D195B4AC1ACEE23D00A68E85 /* Social.framework in Frameworks */,
				D1AAF88F1AC719CD00E42A2D /* CoreGraphics.framework in Frameworks */,
				D1AAF8911AC719CD00E42A2D /* UIKit.framework in Frameworks */,
				D1AAF88D1AC719CD00E42A2D /* Foundation.framework in Frameworks */,
			);
			runOnlyForDeploymentPostprocessing = 0;
		};
		D1AAF8A71AC719CE00E42A2D /* Frameworks */ = {
			isa = PBXFrameworksBuildPhase;
			buildActionMask = 2147483647;
			files = (
				D1AAF8AC1AC719CE00E42A2D /* XCTest.framework in Frameworks */,
				D1AAF8AE1AC719CE00E42A2D /* UIKit.framework in Frameworks */,
				D1AAF8AD1AC719CE00E42A2D /* Foundation.framework in Frameworks */,
			);
			runOnlyForDeploymentPostprocessing = 0;
		};
/* End PBXFrameworksBuildPhase section */

/* Begin PBXGroup section */
		D195B4A71ACEE1CF00A68E85 /* Utilities */ = {
			isa = PBXGroup;
			children = (
				D1F5F93D1AD142B600455DFF /* HReachability.h */,
				D1F5F93E1AD142B600455DFF /* HReachability.m */,
				D1F5F93F1AD142B600455DFF /* HWinner.h */,
				D1F5F9401AD142B600455DFF /* HWinner.m */,
				D1F5F9421AD142B600455DFF /* WinnersPList.plist */,
				D195B4A81ACEE21400A68E85 /* MSocialShareUtility.h */,
				D195B4A91ACEE21400A68E85 /* MSocialShareUtility.m */,
			);
			name = Utilities;
			sourceTree = "<group>";
		};
		D1A4E43B1AC871740016389F /* ViewControllers */ = {
			isa = PBXGroup;
			children = (
				D1A4E43C1AC871C50016389F /* MSplashScreenViewController.h */,
				D1A4E43D1AC871C50016389F /* MSplashScreenViewController.m */,
				D1A882A71AC960C3009C435D /* MLoginViewController.h */,
				D1A882A81AC960C3009C435D /* MLoginViewController.m */,
				D1A882AA1AC963FE009C435D /* MRegisterViewController.h */,
				D1A882AB1AC963FE009C435D /* MRegisterViewController.m */,
				D1A882AD1AC98AB6009C435D /* MHomeViewController.h */,
				D1A882AE1AC98AB6009C435D /* MHomeViewController.m */,
				D1A882B01AC993D5009C435D /* MGameScreenViewController.h */,
				D1A882B11AC993D5009C435D /* MGameScreenViewController.m */,
				D1A882B31AC9B4E0009C435D /* MProfileViewController.h */,
				D1A882B41AC9B4E0009C435D /* MProfileViewController.m */,
				D1A882B61AC9B6CC009C435D /* MLeaderBoardViewController.h */,
				D1A882B71AC9B6CC009C435D /* MLeaderBoardViewController.m */,
			);
			name = ViewControllers;
			sourceTree = "<group>";
		};
		D1AAF8801AC719CD00E42A2D = {
			isa = PBXGroup;
			children = (
				D1AAF8921AC719CD00E42A2D /* IOS-Game */,
				D1AAF8B11AC719CE00E42A2D /* IOS-GameTests */,
				D1AAF88B1AC719CD00E42A2D /* Frameworks */,
				D1AAF88A1AC719CD00E42A2D /* Products */,
			);
			sourceTree = "<group>";
		};
		D1AAF88A1AC719CD00E42A2D /* Products */ = {
			isa = PBXGroup;
			children = (
				D1AAF8891AC719CD00E42A2D /* IOS-Game.app */,
				D1AAF8AA1AC719CE00E42A2D /* IOS-GameTests.xctest */,
			);
			name = Products;
			sourceTree = "<group>";
		};
		D1AAF88B1AC719CD00E42A2D /* Frameworks */ = {
			isa = PBXGroup;
			children = (
				D195B4AD1ACEE24400A68E85 /* Accounts.framework */,
				D195B4AB1ACEE23D00A68E85 /* Social.framework */,
				D1AAF88C1AC719CD00E42A2D /* Foundation.framework */,
				D1AAF88E1AC719CD00E42A2D /* CoreGraphics.framework */,
				D1AAF8901AC719CD00E42A2D /* UIKit.framework */,
				D1AAF8AB1AC719CE00E42A2D /* XCTest.framework */,
			);
			name = Frameworks;
			sourceTree = "<group>";
		};
		D1AAF8921AC719CD00E42A2D /* IOS-Game */ = {
			isa = PBXGroup;
			children = (
				D1F5F94D1AD142BB00455DFF /* images */,
				D195B4A71ACEE1CF00A68E85 /* Utilities */,
				D1A4E43B1AC871740016389F /* ViewControllers */,
				D1AAF89B1AC719CD00E42A2D /* MAppDelegate.h */,
				D1AAF89C1AC719CD00E42A2D /* MAppDelegate.m */,
				D1AAF89E1AC719CD00E42A2D /* Main.storyboard */,
				D1AAF8A11AC719CD00E42A2D /* MViewController.h */,
				D1AAF8A21AC719CD00E42A2D /* MViewController.m */,
				D1AAF8A41AC719CD00E42A2D /* Images.xcassets */,
				D1AAF8931AC719CD00E42A2D /* Supporting Files */,
			);
			path = "IOS-Game";
			sourceTree = "<group>";
		};
		D1AAF8931AC719CD00E42A2D /* Supporting Files */ = {
			isa = PBXGroup;
			children = (
				D1AAF8941AC719CD00E42A2D /* IOS-Game-Info.plist */,
				D1AAF8951AC719CD00E42A2D /* InfoPlist.strings */,
				D1AAF8981AC719CD00E42A2D /* main.m */,
				D1AAF89A1AC719CD00E42A2D /* IOS-Game-Prefix.pch */,
			);
			name = "Supporting Files";
			sourceTree = "<group>";
		};
		D1AAF8B11AC719CE00E42A2D /* IOS-GameTests */ = {
			isa = PBXGroup;
			children = (
				D1AAF8B71AC719CE00E42A2D /* IOS_GameTests.m */,
				D1AAF8B21AC719CE00E42A2D /* Supporting Files */,
			);
			path = "IOS-GameTests";
			sourceTree = "<group>";
		};
		D1AAF8B21AC719CE00E42A2D /* Supporting Files */ = {
			isa = PBXGroup;
			children = (
				D1AAF8B31AC719CE00E42A2D /* IOS-GameTests-Info.plist */,
				D1AAF8B41AC719CE00E42A2D /* InfoPlist.strings */,
			);
			name = "Supporting Files";
			sourceTree = "<group>";
		};
		D1F5F94D1AD142BB00455DFF /* images */ = {
			isa = PBXGroup;
			children = (
				D1F5F9411AD142B600455DFF /* img.jpg */,
				D1F5F9371AD142B600455DFF /* ahmed.jpg */,
				D1F5F9381AD142B600455DFF /* bg.png */,
				D1F5F9391AD142B600455DFF /* big.jpg */,
				D1F5F93A1AD142B600455DFF /* default.jpg */,
				D1F5F93B1AD142B600455DFF /* hala.jpg */,
				D1F5F93C1AD142B600455DFF /* highlightedBG.png */,
			);
			name = images;
			sourceTree = "<group>";
		};
/* End PBXGroup section */

/* Begin PBXNativeTarget section */
		D1AAF8881AC719CD00E42A2D /* IOS-Game */ = {
			isa = PBXNativeTarget;
			buildConfigurationList = D1AAF8BB1AC719CE00E42A2D /* Build configuration list for PBXNativeTarget "IOS-Game" */;
			buildPhases = (
				D1AAF8851AC719CD00E42A2D /* Sources */,
				D1AAF8861AC719CD00E42A2D /* Frameworks */,
				D1AAF8871AC719CD00E42A2D /* Resources */,
			);
			buildRules = (
			);
			dependencies = (
			);
			name = "IOS-Game";
			productName = "IOS-Game";
			productReference = D1AAF8891AC719CD00E42A2D /* IOS-Game.app */;
			productType = "com.apple.product-type.application";
		};
		D1AAF8A91AC719CE00E42A2D /* IOS-GameTests */ = {
			isa = PBXNativeTarget;
			buildConfigurationList = D1AAF8BE1AC719CE00E42A2D /* Build configuration list for PBXNativeTarget "IOS-GameTests" */;
			buildPhases = (
				D1AAF8A61AC719CE00E42A2D /* Sources */,
				D1AAF8A71AC719CE00E42A2D /* Frameworks */,
				D1AAF8A81AC719CE00E42A2D /* Resources */,
			);
			buildRules = (
			);
			dependencies = (
				D1AAF8B01AC719CE00E42A2D /* PBXTargetDependency */,
			);
			name = "IOS-GameTests";
			productName = "IOS-GameTests";
			productReference = D1AAF8AA1AC719CE00E42A2D /* IOS-GameTests.xctest */;
			productType = "com.apple.product-type.bundle.unit-test";
		};
/* End PBXNativeTarget section */

/* Begin PBXProject section */
		D1AAF8811AC719CD00E42A2D /* Project object */ = {
			isa = PBXProject;
			attributes = {
				CLASSPREFIX = M;
				LastUpgradeCheck = 0500;
				ORGANIZATIONNAME = Mad;
				TargetAttributes = {
					D1AAF8A91AC719CE00E42A2D = {
						TestTargetID = D1AAF8881AC719CD00E42A2D;
					};
				};
			};
			buildConfigurationList = D1AAF8841AC719CD00E42A2D /* Build configuration list for PBXProject "IOS-Game" */;
			compatibilityVersion = "Xcode 3.2";
			developmentRegion = English;
			hasScannedForEncodings = 0;
			knownRegions = (
				en,
				Base,
			);
			mainGroup = D1AAF8801AC719CD00E42A2D;
			productRefGroup = D1AAF88A1AC719CD00E42A2D /* Products */;
			projectDirPath = "";
			projectRoot = "";
			targets = (
				D1AAF8881AC719CD00E42A2D /* IOS-Game */,
				D1AAF8A91AC719CE00E42A2D /* IOS-GameTests */,
			);
		};
/* End PBXProject section */

/* Begin PBXResourcesBuildPhase section */
		D1AAF8871AC719CD00E42A2D /* Resources */ = {
			isa = PBXResourcesBuildPhase;
			buildActionMask = 2147483647;
			files = (
				D1F5F9451AD142B600455DFF /* big.jpg in Resources */,
				D1F5F9441AD142B600455DFF /* bg.png in Resources */,
				D1F5F94C1AD142B600455DFF /* WinnersPList.plist in Resources */,
				D1F5F9461AD142B600455DFF /* default.jpg in Resources */,
				D1AAF8A51AC719CD00E42A2D /* Images.xcassets in Resources */,
				D1AAF8971AC719CD00E42A2D /* InfoPlist.strings in Resources */,
				D1F5F94B1AD142B600455DFF /* img.jpg in Resources */,
				D1F5F9481AD142B600455DFF /* highlightedBG.png in Resources */,
				D1F5F9471AD142B600455DFF /* hala.jpg in Resources */,
				D1AAF8A01AC719CD00E42A2D /* Main.storyboard in Resources */,
				D1F5F9431AD142B600455DFF /* ahmed.jpg in Resources */,
			);
			runOnlyForDeploymentPostprocessing = 0;
		};
		D1AAF8A81AC719CE00E42A2D /* Resources */ = {
			isa = PBXResourcesBuildPhase;
			buildActionMask = 2147483647;
			files = (
				D1AAF8B61AC719CE00E42A2D /* InfoPlist.strings in Resources */,
			);
			runOnlyForDeploymentPostprocessing = 0;
		};
/* End PBXResourcesBuildPhase section */

/* Begin PBXSourcesBuildPhase section */
		D1AAF8851AC719CD00E42A2D /* Sources */ = {
			isa = PBXSourcesBuildPhase;
			buildActionMask = 2147483647;
			files = (
				D1AAF89D1AC719CD00E42A2D /* MAppDelegate.m in Sources */,
				D195B4AA1ACEE21400A68E85 /* MSocialShareUtility.m in Sources */,
				D1A882B51AC9B4E0009C435D /* MProfileViewController.m in Sources */,
				D1A882AF1AC98AB6009C435D /* MHomeViewController.m in Sources */,
				D1AAF8991AC719CD00E42A2D /* main.m in Sources */,
				D1AAF8A31AC719CD00E42A2D /* MViewController.m in Sources */,
				D1A882B21AC993D5009C435D /* MGameScreenViewController.m in Sources */,
				D1A882B81AC9B6CC009C435D /* MLeaderBoardViewController.m in Sources */,
				D1A4E43E1AC871C50016389F /* MSplashScreenViewController.m in Sources */,
				D1F5F94A1AD142B600455DFF /* HWinner.m in Sources */,
				D1A882A91AC960C3009C435D /* MLoginViewController.m in Sources */,
				D1A882AC1AC963FE009C435D /* MRegisterViewController.m in Sources */,
				D1F5F9491AD142B600455DFF /* HReachability.m in Sources */,
			);
			runOnlyForDeploymentPostprocessing = 0;
		};
		D1AAF8A61AC719CE00E42A2D /* Sources */ = {
			isa = PBXSourcesBuildPhase;
			buildActionMask = 2147483647;
			files = (
				D1AAF8B81AC719CE00E42A2D /* IOS_GameTests.m in Sources */,
			);
			runOnlyForDeploymentPostprocessing = 0;
		};
/* End PBXSourcesBuildPhase section */

/* Begin PBXTargetDependency section */
		D1AAF8B01AC719CE00E42A2D /* PBXTargetDependency */ = {
			isa = PBXTargetDependency;
			target = D1AAF8881AC719CD00E42A2D /* IOS-Game */;
			targetProxy = D1AAF8AF1AC719CE00E42A2D /* PBXContainerItemProxy */;
		};
/* End PBXTargetDependency section */

/* Begin PBXVariantGroup section */
		D1AAF8951AC719CD00E42A2D /* InfoPlist.strings */ = {
			isa = PBXVariantGroup;
			children = (
				D1AAF8961AC719CD00E42A2D /* en */,
			);
			name = InfoPlist.strings;
			sourceTree = "<group>";
		};
		D1AAF89E1AC719CD00E42A2D /* Main.storyboard */ = {
			isa = PBXVariantGroup;
			children = (
				D1AAF89F1AC719CD00E42A2D /* Base */,
			);
			name = Main.storyboard;
			sourceTree = "<group>";
		};
		D1AAF8B41AC719CE00E42A2D /* InfoPlist.strings */ = {
			isa = PBXVariantGroup;
			children = (
				D1AAF8B51AC719CE00E42A2D /* en */,
			);
			name = InfoPlist.strings;
			sourceTree = "<group>";
		};
/* End PBXVariantGroup section */

/* Begin XCBuildConfiguration section */
		D1AAF8B91AC719CE00E42A2D /* Debug */ = {
			isa = XCBuildConfiguration;
			buildSettings = {
				ALWAYS_SEARCH_USER_PATHS = NO;
				ARCHS = "$(ARCHS_STANDARD_INCLUDING_64_BIT)";
				CLANG_CXX_LANGUAGE_STANDARD = "gnu++0x";
				CLANG_CXX_LIBRARY = "libc++";
				CLANG_ENABLE_MODULES = YES;
				CLANG_ENABLE_OBJC_ARC = YES;
				CLANG_WARN_BOOL_CONVERSION = YES;
				CLANG_WARN_CONSTANT_CONVERSION = YES;
				CLANG_WARN_DIRECT_OBJC_ISA_USAGE = YES_ERROR;
				CLANG_WARN_EMPTY_BODY = YES;
				CLANG_WARN_ENUM_CONVERSION = YES;
				CLANG_WARN_INT_CONVERSION = YES;
				CLANG_WARN_OBJC_ROOT_CLASS = YES_ERROR;
				CLANG_WARN__DUPLICATE_METHOD_MATCH = YES;
				"CODE_SIGN_IDENTITY[sdk=iphoneos*]" = "iPhone Developer";
				COPY_PHASE_STRIP = NO;
				GCC_C_LANGUAGE_STANDARD = gnu99;
				GCC_DYNAMIC_NO_PIC = NO;
				GCC_OPTIMIZATION_LEVEL = 0;
				GCC_PREPROCESSOR_DEFINITIONS = (
					"DEBUG=1",
					"$(inherited)",
				);
				GCC_SYMBOLS_PRIVATE_EXTERN = NO;
				GCC_WARN_64_TO_32_BIT_CONVERSION = YES;
				GCC_WARN_ABOUT_RETURN_TYPE = YES_ERROR;
				GCC_WARN_UNDECLARED_SELECTOR = YES;
				GCC_WARN_UNINITIALIZED_AUTOS = YES;
				GCC_WARN_UNUSED_FUNCTION = YES;
				GCC_WARN_UNUSED_VARIABLE = YES;
				IPHONEOS_DEPLOYMENT_TARGET = 7.0;
				ONLY_ACTIVE_ARCH = YES;
				SDKROOT = iphoneos;
			};
			name = Debug;
		};
		D1AAF8BA1AC719CE00E42A2D /* Release */ = {
			isa = XCBuildConfiguration;
			buildSettings = {
				ALWAYS_SEARCH_USER_PATHS = NO;
				ARCHS = "$(ARCHS_STANDARD_INCLUDING_64_BIT)";
				CLANG_CXX_LANGUAGE_STANDARD = "gnu++0x";
				CLANG_CXX_LIBRARY = "libc++";
				CLANG_ENABLE_MODULES = YES;
				CLANG_ENABLE_OBJC_ARC = YES;
				CLANG_WARN_BOOL_CONVERSION = YES;
				CLANG_WARN_CONSTANT_CONVERSION = YES;
				CLANG_WARN_DIRECT_OBJC_ISA_USAGE = YES_ERROR;
				CLANG_WARN_EMPTY_BODY = YES;
				CLANG_WARN_ENUM_CONVERSION = YES;
				CLANG_WARN_INT_CONVERSION = YES;
				CLANG_WARN_OBJC_ROOT_CLASS = YES_ERROR;
				CLANG_WARN__DUPLICATE_METHOD_MATCH = YES;
				"CODE_SIGN_IDENTITY[sdk=iphoneos*]" = "iPhone Developer";
				COPY_PHASE_STRIP = YES;
				ENABLE_NS_ASSERTIONS = NO;
				GCC_C_LANGUAGE_STANDARD = gnu99;
				GCC_WARN_64_TO_32_BIT_CONVERSION = YES;
				GCC_WARN_ABOUT_RETURN_TYPE = YES_ERROR;
				GCC_WARN_UNDECLARED_SELECTOR = YES;
				GCC_WARN_UNINITIALIZED_AUTOS = YES;
				GCC_WARN_UNUSED_FUNCTION = YES;
				GCC_WARN_UNUSED_VARIABLE = YES;
				IPHONEOS_DEPLOYMENT_TARGET = 7.0;
				SDKROOT = iphoneos;
				VALIDATE_PRODUCT = YES;
			};
			name = Release;
		};
		D1AAF8BC1AC719CE00E42A2D /* Debug */ = {
			isa = XCBuildConfiguration;
			buildSettings = {
				ASSETCATALOG_COMPILER_APPICON_NAME = AppIcon;
				ASSETCATALOG_COMPILER_LAUNCHIMAGE_NAME = LaunchImage;
				GCC_PRECOMPILE_PREFIX_HEADER = YES;
				GCC_PREFIX_HEADER = "IOS-Game/IOS-Game-Prefix.pch";
				INFOPLIST_FILE = "IOS-Game/IOS-Game-Info.plist";
				PRODUCT_NAME = "$(TARGET_NAME)";
				WRAPPER_EXTENSION = app;
			};
			name = Debug;
		};
		D1AAF8BD1AC719CE00E42A2D /* Release */ = {
			isa = XCBuildConfiguration;
			buildSettings = {
				ASSETCATALOG_COMPILER_APPICON_NAME = AppIcon;
				ASSETCATALOG_COMPILER_LAUNCHIMAGE_NAME = LaunchImage;
				GCC_PRECOMPILE_PREFIX_HEADER = YES;
				GCC_PREFIX_HEADER = "IOS-Game/IOS-Game-Prefix.pch";
				INFOPLIST_FILE = "IOS-Game/IOS-Game-Info.plist";
				PRODUCT_NAME = "$(TARGET_NAME)";
				WRAPPER_EXTENSION = app;
			};
			name = Release;
		};
		D1AAF8BF1AC719CE00E42A2D /* Debug */ = {
			isa = XCBuildConfiguration;
			buildSettings = {
				ARCHS = "$(ARCHS_STANDARD_INCLUDING_64_BIT)";
				BUNDLE_LOADER = "$(BUILT_PRODUCTS_DIR)/IOS-Game.app/IOS-Game";
				FRAMEWORK_SEARCH_PATHS = (
					"$(SDKROOT)/Developer/Library/Frameworks",
					"$(inherited)",
					"$(DEVELOPER_FRAMEWORKS_DIR)",
				);
				GCC_PRECOMPILE_PREFIX_HEADER = YES;
				GCC_PREFIX_HEADER = "IOS-Game/IOS-Game-Prefix.pch";
				GCC_PREPROCESSOR_DEFINITIONS = (
					"DEBUG=1",
					"$(inherited)",
				);
				INFOPLIST_FILE = "IOS-GameTests/IOS-GameTests-Info.plist";
				PRODUCT_NAME = "$(TARGET_NAME)";
				TEST_HOST = "$(BUNDLE_LOADER)";
				WRAPPER_EXTENSION = xctest;
			};
			name = Debug;
		};
		D1AAF8C01AC719CE00E42A2D /* Release */ = {
			isa = XCBuildConfiguration;
			buildSettings = {
				ARCHS = "$(ARCHS_STANDARD_INCLUDING_64_BIT)";
				BUNDLE_LOADER = "$(BUILT_PRODUCTS_DIR)/IOS-Game.app/IOS-Game";
				FRAMEWORK_SEARCH_PATHS = (
					"$(SDKROOT)/Developer/Library/Frameworks",
					"$(inherited)",
					"$(DEVELOPER_FRAMEWORKS_DIR)",
				);
				GCC_PRECOMPILE_PREFIX_HEADER = YES;
				GCC_PREFIX_HEADER = "IOS-Game/IOS-Game-Prefix.pch";
				INFOPLIST_FILE = "IOS-GameTests/IOS-GameTests-Info.plist";
				PRODUCT_NAME = "$(TARGET_NAME)";
				TEST_HOST = "$(BUNDLE_LOADER)";
				WRAPPER_EXTENSION = xctest;
			};
			name = Release;
		};
/* End XCBuildConfiguration section */

/* Begin XCConfigurationList section */
		D1AAF8841AC719CD00E42A2D /* Build configuration list for PBXProject "IOS-Game" */ = {
			isa = XCConfigurationList;
			buildConfigurations = (
				D1AAF8B91AC719CE00E42A2D /* Debug */,
				D1AAF8BA1AC719CE00E42A2D /* Release */,
			);
			defaultConfigurationIsVisible = 0;
			defaultConfigurationName = Release;
		};
		D1AAF8BB1AC719CE00E42A2D /* Build configuration list for PBXNativeTarget "IOS-Game" */ = {
			isa = XCConfigurationList;
			buildConfigurations = (
				D1AAF8BC1AC719CE00E42A2D /* Debug */,
				D1AAF8BD1AC719CE00E42A2D /* Release */,
			);
			defaultConfigurationIsVisible = 0;
			defaultConfigurationName = Release;
		};
		D1AAF8BE1AC719CE00E42A2D /* Build configuration list for PBXNativeTarget "IOS-GameTests" */ = {
			isa = XCConfigurationList;
			buildConfigurations = (
				D1AAF8BF1AC719CE00E42A2D /* Debug */,
				D1AAF8C01AC719CE00E42A2D /* Release */,
			);
			defaultConfigurationIsVisible = 0;
			defaultConfigurationName = Release;
		};
/* End XCConfigurationList section */
	};
	rootObject = D1AAF8811AC719CD00E42A2D /* Project object */;
}
