// !$*UTF8*$!
{
	archiveVersion = 1;
	classes = {
	};
	objectVersion = 46;
	objects = {

/* Begin PBXBuildFile section */
		D1924FD01ACB49DB00392035 /* Foundation.framework in Frameworks */ = {isa = PBXBuildFile; fileRef = D1924FCF1ACB49DB00392035 /* Foundation.framework */; };
		D1924FD21ACB49DB00392035 /* CoreGraphics.framework in Frameworks */ = {isa = PBXBuildFile; fileRef = D1924FD11ACB49DB00392035 /* CoreGraphics.framework */; };
		D1924FD41ACB49DB00392035 /* UIKit.framework in Frameworks */ = {isa = PBXBuildFile; fileRef = D1924FD31ACB49DB00392035 /* UIKit.framework */; };
		D1924FDA1ACB49DB00392035 /* InfoPlist.strings in Resources */ = {isa = PBXBuildFile; fileRef = D1924FD81ACB49DB00392035 /* InfoPlist.strings */; };
		D1924FDC1ACB49DB00392035 /* main.m in Sources */ = {isa = PBXBuildFile; fileRef = D1924FDB1ACB49DB00392035 /* main.m */; };
		D1924FE01ACB49DB00392035 /* AppDelegate.m in Sources */ = {isa = PBXBuildFile; fileRef = D1924FDF1ACB49DB00392035 /* AppDelegate.m */; };
		D1924FE31ACB49DB00392035 /* Main_iPhone.storyboard in Resources */ = {isa = PBXBuildFile; fileRef = D1924FE11ACB49DB00392035 /* Main_iPhone.storyboard */; };
		D1924FE61ACB49DB00392035 /* Main_iPad.storyboard in Resources */ = {isa = PBXBuildFile; fileRef = D1924FE41ACB49DB00392035 /* Main_iPad.storyboard */; };
		D1924FE91ACB49DB00392035 /* ViewController.m in Sources */ = {isa = PBXBuildFile; fileRef = D1924FE81ACB49DB00392035 /* ViewController.m */; };
		D1924FEB1ACB49DB00392035 /* Images.xcassets in Resources */ = {isa = PBXBuildFile; fileRef = D1924FEA1ACB49DB00392035 /* Images.xcassets */; };
		D1924FF21ACB49DB00392035 /* XCTest.framework in Frameworks */ = {isa = PBXBuildFile; fileRef = D1924FF11ACB49DB00392035 /* XCTest.framework */; };
		D1924FF31ACB49DB00392035 /* Foundation.framework in Frameworks */ = {isa = PBXBuildFile; fileRef = D1924FCF1ACB49DB00392035 /* Foundation.framework */; };
		D1924FF41ACB49DB00392035 /* UIKit.framework in Frameworks */ = {isa = PBXBuildFile; fileRef = D1924FD31ACB49DB00392035 /* UIKit.framework */; };
		D1924FFC1ACB49DB00392035 /* InfoPlist.strings in Resources */ = {isa = PBXBuildFile; fileRef = D1924FFA1ACB49DB00392035 /* InfoPlist.strings */; };
		D1924FFE1ACB49DB00392035 /* IOS_Game_AppTests.m in Sources */ = {isa = PBXBuildFile; fileRef = D1924FFD1ACB49DB00392035 /* IOS_Game_AppTests.m */; };
/* End PBXBuildFile section */

/* Begin PBXContainerItemProxy section */
		D1924FF51ACB49DB00392035 /* PBXContainerItemProxy */ = {
			isa = PBXContainerItemProxy;
			containerPortal = D1924FC41ACB49DB00392035 /* Project object */;
			proxyType = 1;
			remoteGlobalIDString = D1924FCB1ACB49DB00392035;
			remoteInfo = IOS_Game_App;
		};
/* End PBXContainerItemProxy section */

/* Begin PBXFileReference section */
		D1924FCC1ACB49DB00392035 /* IOS_Game_App.app */ = {isa = PBXFileReference; explicitFileType = wrapper.application; includeInIndex = 0; path = IOS_Game_App.app; sourceTree = BUILT_PRODUCTS_DIR; };
		D1924FCF1ACB49DB00392035 /* Foundation.framework */ = {isa = PBXFileReference; lastKnownFileType = wrapper.framework; name = Foundation.framework; path = System/Library/Frameworks/Foundation.framework; sourceTree = SDKROOT; };
		D1924FD11ACB49DB00392035 /* CoreGraphics.framework */ = {isa = PBXFileReference; lastKnownFileType = wrapper.framework; name = CoreGraphics.framework; path = System/Library/Frameworks/CoreGraphics.framework; sourceTree = SDKROOT; };
		D1924FD31ACB49DB00392035 /* UIKit.framework */ = {isa = PBXFileReference; lastKnownFileType = wrapper.framework; name = UIKit.framework; path = System/Library/Frameworks/UIKit.framework; sourceTree = SDKROOT; };
		D1924FD71ACB49DB00392035 /* IOS_Game_App-Info.plist */ = {isa = PBXFileReference; lastKnownFileType = text.plist.xml; path = "IOS_Game_App-Info.plist"; sourceTree = "<group>"; };
		D1924FD91ACB49DB00392035 /* en */ = {isa = PBXFileReference; lastKnownFileType = text.plist.strings; name = en; path = en.lproj/InfoPlist.strings; sourceTree = "<group>"; };
		D1924FDB1ACB49DB00392035 /* main.m */ = {isa = PBXFileReference; lastKnownFileType = sourcecode.c.objc; path = main.m; sourceTree = "<group>"; };
		D1924FDD1ACB49DB00392035 /* IOS_Game_App-Prefix.pch */ = {isa = PBXFileReference; lastKnownFileType = sourcecode.c.h; path = "IOS_Game_App-Prefix.pch"; sourceTree = "<group>"; };
		D1924FDE1ACB49DB00392035 /* AppDelegate.h */ = {isa = PBXFileReference; lastKnownFileType = sourcecode.c.h; path = AppDelegate.h; sourceTree = "<group>"; };
		D1924FDF1ACB49DB00392035 /* AppDelegate.m */ = {isa = PBXFileReference; lastKnownFileType = sourcecode.c.objc; path = AppDelegate.m; sourceTree = "<group>"; };
		D1924FE21ACB49DB00392035 /* Base */ = {isa = PBXFileReference; lastKnownFileType = file.storyboard; name = Base; path = Base.lproj/Main_iPhone.storyboard; sourceTree = "<group>"; };
		D1924FE51ACB49DB00392035 /* Base */ = {isa = PBXFileReference; lastKnownFileType = file.storyboard; name = Base; path = Base.lproj/Main_iPad.storyboard; sourceTree = "<group>"; };
		D1924FE71ACB49DB00392035 /* ViewController.h */ = {isa = PBXFileReference; lastKnownFileType = sourcecode.c.h; path = ViewController.h; sourceTree = "<group>"; };
		D1924FE81ACB49DB00392035 /* ViewController.m */ = {isa = PBXFileReference; lastKnownFileType = sourcecode.c.objc; path = ViewController.m; sourceTree = "<group>"; };
		D1924FEA1ACB49DB00392035 /* Images.xcassets */ = {isa = PBXFileReference; lastKnownFileType = folder.assetcatalog; path = Images.xcassets; sourceTree = "<group>"; };
		D1924FF01ACB49DB00392035 /* IOS_Game_AppTests.xctest */ = {isa = PBXFileReference; explicitFileType = wrapper.cfbundle; includeInIndex = 0; path = IOS_Game_AppTests.xctest; sourceTree = BUILT_PRODUCTS_DIR; };
		D1924FF11ACB49DB00392035 /* XCTest.framework */ = {isa = PBXFileReference; lastKnownFileType = wrapper.framework; name = XCTest.framework; path = Library/Frameworks/XCTest.framework; sourceTree = DEVELOPER_DIR; };
		D1924FF91ACB49DB00392035 /* IOS_Game_AppTests-Info.plist */ = {isa = PBXFileReference; lastKnownFileType = text.plist.xml; path = "IOS_Game_AppTests-Info.plist"; sourceTree = "<group>"; };
		D1924FFB1ACB49DB00392035 /* en */ = {isa = PBXFileReference; lastKnownFileType = text.plist.strings; name = en; path = en.lproj/InfoPlist.strings; sourceTree = "<group>"; };
		D1924FFD1ACB49DB00392035 /* IOS_Game_AppTests.m */ = {isa = PBXFileReference; lastKnownFileType = sourcecode.c.objc; path = IOS_Game_AppTests.m; sourceTree = "<group>"; };
/* End PBXFileReference section */

/* Begin PBXFrameworksBuildPhase section */
		D1924FC91ACB49DB00392035 /* Frameworks */ = {
			isa = PBXFrameworksBuildPhase;
			buildActionMask = 2147483647;
			files = (
				D1924FD21ACB49DB00392035 /* CoreGraphics.framework in Frameworks */,
				D1924FD41ACB49DB00392035 /* UIKit.framework in Frameworks */,
				D1924FD01ACB49DB00392035 /* Foundation.framework in Frameworks */,
			);
			runOnlyForDeploymentPostprocessing = 0;
		};
		D1924FED1ACB49DB00392035 /* Frameworks */ = {
			isa = PBXFrameworksBuildPhase;
			buildActionMask = 2147483647;
			files = (
				D1924FF21ACB49DB00392035 /* XCTest.framework in Frameworks */,
				D1924FF41ACB49DB00392035 /* UIKit.framework in Frameworks */,
				D1924FF31ACB49DB00392035 /* Foundation.framework in Frameworks */,
			);
			runOnlyForDeploymentPostprocessing = 0;
		};
/* End PBXFrameworksBuildPhase section */

/* Begin PBXGroup section */
		D1924FC31ACB49DB00392035 = {
			isa = PBXGroup;
			children = (
				D1924FD51ACB49DB00392035 /* IOS_Game_App */,
				D1924FF71ACB49DB00392035 /* IOS_Game_AppTests */,
				D1924FCE1ACB49DB00392035 /* Frameworks */,
				D1924FCD1ACB49DB00392035 /* Products */,
			);
			sourceTree = "<group>";
		};
		D1924FCD1ACB49DB00392035 /* Products */ = {
			isa = PBXGroup;
			children = (
				D1924FCC1ACB49DB00392035 /* IOS_Game_App.app */,
				D1924FF01ACB49DB00392035 /* IOS_Game_AppTests.xctest */,
			);
			name = Products;
			sourceTree = "<group>";
		};
		D1924FCE1ACB49DB00392035 /* Frameworks */ = {
			isa = PBXGroup;
			children = (
				D1924FCF1ACB49DB00392035 /* Foundation.framework */,
				D1924FD11ACB49DB00392035 /* CoreGraphics.framework */,
				D1924FD31ACB49DB00392035 /* UIKit.framework */,
				D1924FF11ACB49DB00392035 /* XCTest.framework */,
			);
			name = Frameworks;
			sourceTree = "<group>";
		};
		D1924FD51ACB49DB00392035 /* IOS_Game_App */ = {
			isa = PBXGroup;
			children = (
				D1924FDE1ACB49DB00392035 /* AppDelegate.h */,
				D1924FDF1ACB49DB00392035 /* AppDelegate.m */,
				D1924FE11ACB49DB00392035 /* Main_iPhone.storyboard */,
				D1924FE41ACB49DB00392035 /* Main_iPad.storyboard */,
				D1924FE71ACB49DB00392035 /* ViewController.h */,
				D1924FE81ACB49DB00392035 /* ViewController.m */,
				D1924FEA1ACB49DB00392035 /* Images.xcassets */,
				D1924FD61ACB49DB00392035 /* Supporting Files */,
			);
			path = IOS_Game_App;
			sourceTree = "<group>";
		};
		D1924FD61ACB49DB00392035 /* Supporting Files */ = {
			isa = PBXGroup;
			children = (
				D1924FD71ACB49DB00392035 /* IOS_Game_App-Info.plist */,
				D1924FD81ACB49DB00392035 /* InfoPlist.strings */,
				D1924FDB1ACB49DB00392035 /* main.m */,
				D1924FDD1ACB49DB00392035 /* IOS_Game_App-Prefix.pch */,
			);
			name = "Supporting Files";
			sourceTree = "<group>";
		};
		D1924FF71ACB49DB00392035 /* IOS_Game_AppTests */ = {
			isa = PBXGroup;
			children = (
				D1924FFD1ACB49DB00392035 /* IOS_Game_AppTests.m */,
				D1924FF81ACB49DB00392035 /* Supporting Files */,
			);
			path = IOS_Game_AppTests;
			sourceTree = "<group>";
		};
		D1924FF81ACB49DB00392035 /* Supporting Files */ = {
			isa = PBXGroup;
			children = (
				D1924FF91ACB49DB00392035 /* IOS_Game_AppTests-Info.plist */,
				D1924FFA1ACB49DB00392035 /* InfoPlist.strings */,
			);
			name = "Supporting Files";
			sourceTree = "<group>";
		};
/* End PBXGroup section */

/* Begin PBXNativeTarget section */
		D1924FCB1ACB49DB00392035 /* IOS_Game_App */ = {
			isa = PBXNativeTarget;
			buildConfigurationList = D19250011ACB49DB00392035 /* Build configuration list for PBXNativeTarget "IOS_Game_App" */;
			buildPhases = (
				D1924FC81ACB49DB00392035 /* Sources */,
				D1924FC91ACB49DB00392035 /* Frameworks */,
				D1924FCA1ACB49DB00392035 /* Resources */,
			);
			buildRules = (
			);
			dependencies = (
			);
			name = IOS_Game_App;
			productName = IOS_Game_App;
			productReference = D1924FCC1ACB49DB00392035 /* IOS_Game_App.app */;
			productType = "com.apple.product-type.application";
		};
		D1924FEF1ACB49DB00392035 /* IOS_Game_AppTests */ = {
			isa = PBXNativeTarget;
			buildConfigurationList = D19250041ACB49DB00392035 /* Build configuration list for PBXNativeTarget "IOS_Game_AppTests" */;
			buildPhases = (
				D1924FEC1ACB49DB00392035 /* Sources */,
				D1924FED1ACB49DB00392035 /* Frameworks */,
				D1924FEE1ACB49DB00392035 /* Resources */,
			);
			buildRules = (
			);
			dependencies = (
				D1924FF61ACB49DB00392035 /* PBXTargetDependency */,
			);
			name = IOS_Game_AppTests;
			productName = IOS_Game_AppTests;
			productReference = D1924FF01ACB49DB00392035 /* IOS_Game_AppTests.xctest */;
			productType = "com.apple.product-type.bundle.unit-test";
		};
/* End PBXNativeTarget section */

/* Begin PBXProject section */
		D1924FC41ACB49DB00392035 /* Project object */ = {
			isa = PBXProject;
			attributes = {
				LastUpgradeCheck = 0500;
				ORGANIZATIONNAME = JETS;
				TargetAttributes = {
					D1924FEF1ACB49DB00392035 = {
						TestTargetID = D1924FCB1ACB49DB00392035;
					};
				};
			};
			buildConfigurationList = D1924FC71ACB49DB00392035 /* Build configuration list for PBXProject "IOS_Game_App" */;
			compatibilityVersion = "Xcode 3.2";
			developmentRegion = English;
			hasScannedForEncodings = 0;
			knownRegions = (
				en,
				Base,
			);
			mainGroup = D1924FC31ACB49DB00392035;
			productRefGroup = D1924FCD1ACB49DB00392035 /* Products */;
			projectDirPath = "";
			projectRoot = "";
			targets = (
				D1924FCB1ACB49DB00392035 /* IOS_Game_App */,
				D1924FEF1ACB49DB00392035 /* IOS_Game_AppTests */,
			);
		};
/* End PBXProject section */

/* Begin PBXResourcesBuildPhase section */
		D1924FCA1ACB49DB00392035 /* Resources */ = {
			isa = PBXResourcesBuildPhase;
			buildActionMask = 2147483647;
			files = (
				D1924FE61ACB49DB00392035 /* Main_iPad.storyboard in Resources */,
				D1924FEB1ACB49DB00392035 /* Images.xcassets in Resources */,
				D1924FE31ACB49DB00392035 /* Main_iPhone.storyboard in Resources */,
				D1924FDA1ACB49DB00392035 /* InfoPlist.strings in Resources */,
			);
			runOnlyForDeploymentPostprocessing = 0;
		};
		D1924FEE1ACB49DB00392035 /* Resources */ = {
			isa = PBXResourcesBuildPhase;
			buildActionMask = 2147483647;
			files = (
				D1924FFC1ACB49DB00392035 /* InfoPlist.strings in Resources */,
			);
			runOnlyForDeploymentPostprocessing = 0;
		};
/* End PBXResourcesBuildPhase section */

/* Begin PBXSourcesBuildPhase section */
		D1924FC81ACB49DB00392035 /* Sources */ = {
			isa = PBXSourcesBuildPhase;
			buildActionMask = 2147483647;
			files = (
				D1924FE91ACB49DB00392035 /* ViewController.m in Sources */,
				D1924FE01ACB49DB00392035 /* AppDelegate.m in Sources */,
				D1924FDC1ACB49DB00392035 /* main.m in Sources */,
			);
			runOnlyForDeploymentPostprocessing = 0;
		};
		D1924FEC1ACB49DB00392035 /* Sources */ = {
			isa = PBXSourcesBuildPhase;
			buildActionMask = 2147483647;
			files = (
				D1924FFE1ACB49DB00392035 /* IOS_Game_AppTests.m in Sources */,
			);
			runOnlyForDeploymentPostprocessing = 0;
		};
/* End PBXSourcesBuildPhase section */

/* Begin PBXTargetDependency section */
		D1924FF61ACB49DB00392035 /* PBXTargetDependency */ = {
			isa = PBXTargetDependency;
			target = D1924FCB1ACB49DB00392035 /* IOS_Game_App */;
			targetProxy = D1924FF51ACB49DB00392035 /* PBXContainerItemProxy */;
		};
/* End PBXTargetDependency section */

/* Begin PBXVariantGroup section */
		D1924FD81ACB49DB00392035 /* InfoPlist.strings */ = {
			isa = PBXVariantGroup;
			children = (
				D1924FD91ACB49DB00392035 /* en */,
			);
			name = InfoPlist.strings;
			sourceTree = "<group>";
		};
		D1924FE11ACB49DB00392035 /* Main_iPhone.storyboard */ = {
			isa = PBXVariantGroup;
			children = (
				D1924FE21ACB49DB00392035 /* Base */,
			);
			name = Main_iPhone.storyboard;
			sourceTree = "<group>";
		};
		D1924FE41ACB49DB00392035 /* Main_iPad.storyboard */ = {
			isa = PBXVariantGroup;
			children = (
				D1924FE51ACB49DB00392035 /* Base */,
			);
			name = Main_iPad.storyboard;
			sourceTree = "<group>";
		};
		D1924FFA1ACB49DB00392035 /* InfoPlist.strings */ = {
			isa = PBXVariantGroup;
			children = (
				D1924FFB1ACB49DB00392035 /* en */,
			);
			name = InfoPlist.strings;
			sourceTree = "<group>";
		};
/* End PBXVariantGroup section */

/* Begin XCBuildConfiguration section */
		D1924FFF1ACB49DB00392035 /* Debug */ = {
			isa = XCBuildConfiguration;
			buildSettings = {
				ALWAYS_SEARCH_USER_PATHS = NO;
				ARCHS = "$(ARCHS_STANDARD_INCLUDING_64_BIT)";
				CLANG_CXX_LANGUAGE_STANDARD = "gnu++0x";
				CLANG_CXX_LIBRARY = "libc++";
				CLANG_ENABLE_MODULES = YES;
				CLANG_ENABLE_OBJC_ARC = YES;
				CLANG_WARN_BOOL_CONVERSION = YES;
				CLANG_WARN_CONSTANT_CONVERSION = YES;
				CLANG_WARN_DIRECT_OBJC_ISA_USAGE = YES_ERROR;
				CLANG_WARN_EMPTY_BODY = YES;
				CLANG_WARN_ENUM_CONVERSION = YES;
				CLANG_WARN_INT_CONVERSION = YES;
				CLANG_WARN_OBJC_ROOT_CLASS = YES_ERROR;
				CLANG_WARN__DUPLICATE_METHOD_MATCH = YES;
				"CODE_SIGN_IDENTITY[sdk=iphoneos*]" = "iPhone Developer";
				COPY_PHASE_STRIP = NO;
				GCC_C_LANGUAGE_STANDARD = gnu99;
				GCC_DYNAMIC_NO_PIC = NO;
				GCC_OPTIMIZATION_LEVEL = 0;
				GCC_PREPROCESSOR_DEFINITIONS = (
					"DEBUG=1",
					"$(inherited)",
				);
				GCC_SYMBOLS_PRIVATE_EXTERN = NO;
				GCC_WARN_64_TO_32_BIT_CONVERSION = YES;
				GCC_WARN_ABOUT_RETURN_TYPE = YES_ERROR;
				GCC_WARN_UNDECLARED_SELECTOR = YES;
				GCC_WARN_UNINITIALIZED_AUTOS = YES;
				GCC_WARN_UNUSED_FUNCTION = YES;
				GCC_WARN_UNUSED_VARIABLE = YES;
				IPHONEOS_DEPLOYMENT_TARGET = 7.0;
				ONLY_ACTIVE_ARCH = YES;
				SDKROOT = iphoneos;
				TARGETED_DEVICE_FAMILY = "1,2";
			};
			name = Debug;
		};
		D19250001ACB49DB00392035 /* Release */ = {
			isa = XCBuildConfiguration;
			buildSettings = {
				ALWAYS_SEARCH_USER_PATHS = NO;
				ARCHS = "$(ARCHS_STANDARD_INCLUDING_64_BIT)";
				CLANG_CXX_LANGUAGE_STANDARD = "gnu++0x";
				CLANG_CXX_LIBRARY = "libc++";
				CLANG_ENABLE_MODULES = YES;
				CLANG_ENABLE_OBJC_ARC = YES;
				CLANG_WARN_BOOL_CONVERSION = YES;
				CLANG_WARN_CONSTANT_CONVERSION = YES;
				CLANG_WARN_DIRECT_OBJC_ISA_USAGE = YES_ERROR;
				CLANG_WARN_EMPTY_BODY = YES;
				CLANG_WARN_ENUM_CONVERSION = YES;
				CLANG_WARN_INT_CONVERSION = YES;
				CLANG_WARN_OBJC_ROOT_CLASS = YES_ERROR;
				CLANG_WARN__DUPLICATE_METHOD_MATCH = YES;
				"CODE_SIGN_IDENTITY[sdk=iphoneos*]" = "iPhone Developer";
				COPY_PHASE_STRIP = YES;
				ENABLE_NS_ASSERTIONS = NO;
				GCC_C_LANGUAGE_STANDARD = gnu99;
				GCC_WARN_64_TO_32_BIT_CONVERSION = YES;
				GCC_WARN_ABOUT_RETURN_TYPE = YES_ERROR;
				GCC_WARN_UNDECLARED_SELECTOR = YES;
				GCC_WARN_UNINITIALIZED_AUTOS = YES;
				GCC_WARN_UNUSED_FUNCTION = YES;
				GCC_WARN_UNUSED_VARIABLE = YES;
				IPHONEOS_DEPLOYMENT_TARGET = 7.0;
				SDKROOT = iphoneos;
				TARGETED_DEVICE_FAMILY = "1,2";
				VALIDATE_PRODUCT = YES;
			};
			name = Release;
		};
		D19250021ACB49DB00392035 /* Debug */ = {
			isa = XCBuildConfiguration;
			buildSettings = {
				ASSETCATALOG_COMPILER_APPICON_NAME = AppIcon;
				ASSETCATALOG_COMPILER_LAUNCHIMAGE_NAME = LaunchImage;
				GCC_PRECOMPILE_PREFIX_HEADER = YES;
				GCC_PREFIX_HEADER = "IOS_Game_App/IOS_Game_App-Prefix.pch";
				INFOPLIST_FILE = "IOS_Game_App/IOS_Game_App-Info.plist";
				PRODUCT_NAME = "$(TARGET_NAME)";
				WRAPPER_EXTENSION = app;
			};
			name = Debug;
		};
		D19250031ACB49DB00392035 /* Release */ = {
			isa = XCBuildConfiguration;
			buildSettings = {
				ASSETCATALOG_COMPILER_APPICON_NAME = AppIcon;
				ASSETCATALOG_COMPILER_LAUNCHIMAGE_NAME = LaunchImage;
				GCC_PRECOMPILE_PREFIX_HEADER = YES;
				GCC_PREFIX_HEADER = "IOS_Game_App/IOS_Game_App-Prefix.pch";
				INFOPLIST_FILE = "IOS_Game_App/IOS_Game_App-Info.plist";
				PRODUCT_NAME = "$(TARGET_NAME)";
				WRAPPER_EXTENSION = app;
			};
			name = Release;
		};
		D19250051ACB49DB00392035 /* Debug */ = {
			isa = XCBuildConfiguration;
			buildSettings = {
				ARCHS = "$(ARCHS_STANDARD_INCLUDING_64_BIT)";
				BUNDLE_LOADER = "$(BUILT_PRODUCTS_DIR)/IOS_Game_App.app/IOS_Game_App";
				FRAMEWORK_SEARCH_PATHS = (
					"$(SDKROOT)/Developer/Library/Frameworks",
					"$(inherited)",
					"$(DEVELOPER_FRAMEWORKS_DIR)",
				);
				GCC_PRECOMPILE_PREFIX_HEADER = YES;
				GCC_PREFIX_HEADER = "IOS_Game_App/IOS_Game_App-Prefix.pch";
				GCC_PREPROCESSOR_DEFINITIONS = (
					"DEBUG=1",
					"$(inherited)",
				);
				INFOPLIST_FILE = "IOS_Game_AppTests/IOS_Game_AppTests-Info.plist";
				PRODUCT_NAME = "$(TARGET_NAME)";
				TEST_HOST = "$(BUNDLE_LOADER)";
				WRAPPER_EXTENSION = xctest;
			};
			name = Debug;
		};
		D19250061ACB49DB00392035 /* Release */ = {
			isa = XCBuildConfiguration;
			buildSettings = {
				ARCHS = "$(ARCHS_STANDARD_INCLUDING_64_BIT)";
				BUNDLE_LOADER = "$(BUILT_PRODUCTS_DIR)/IOS_Game_App.app/IOS_Game_App";
				FRAMEWORK_SEARCH_PATHS = (
					"$(SDKROOT)/Developer/Library/Frameworks",
					"$(inherited)",
					"$(DEVELOPER_FRAMEWORKS_DIR)",
				);
				GCC_PRECOMPILE_PREFIX_HEADER = YES;
				GCC_PREFIX_HEADER = "IOS_Game_App/IOS_Game_App-Prefix.pch";
				INFOPLIST_FILE = "IOS_Game_AppTests/IOS_Game_AppTests-Info.plist";
				PRODUCT_NAME = "$(TARGET_NAME)";
				TEST_HOST = "$(BUNDLE_LOADER)";
				WRAPPER_EXTENSION = xctest;
			};
			name = Release;
		};
/* End XCBuildConfiguration section */

/* Begin XCConfigurationList section */
		D1924FC71ACB49DB00392035 /* Build configuration list for PBXProject "IOS_Game_App" */ = {
			isa = XCConfigurationList;
			buildConfigurations = (
				D1924FFF1ACB49DB00392035 /* Debug */,
				D19250001ACB49DB00392035 /* Release */,
			);
			defaultConfigurationIsVisible = 0;
			defaultConfigurationName = Release;
		};
		D19250011ACB49DB00392035 /* Build configuration list for PBXNativeTarget "IOS_Game_App" */ = {
			isa = XCConfigurationList;
			buildConfigurations = (
				D19250021ACB49DB00392035 /* Debug */,
				D19250031ACB49DB00392035 /* Release */,
			);
			defaultConfigurationIsVisible = 0;
		};
		D19250041ACB49DB00392035 /* Build configuration list for PBXNativeTarget "IOS_Game_AppTests" */ = {
			isa = XCConfigurationList;
			buildConfigurations = (
				D19250051ACB49DB00392035 /* Debug */,
				D19250061ACB49DB00392035 /* Release */,
			);
			defaultConfigurationIsVisible = 0;
		};
/* End XCConfigurationList section */
	};
	rootObject = D1924FC41ACB49DB00392035 /* Project object */;
}
